// !$*UTF8*$!
{
	archiveVersion = 1;
	classes = {
	};
	objectVersion = 46;
	objects = {

/* Begin PBXBuildFile section */
		006D720419952D00008149E2 /* AVFoundation.framework in Frameworks */ = {isa = PBXBuildFile; fileRef = 006D720219952D00008149E2 /* AVFoundation.framework */; };
		006D720519952D00008149E2 /* CoreMedia.framework in Frameworks */ = {isa = PBXBuildFile; fileRef = 006D720319952D00008149E2 /* CoreMedia.framework */; };
		0091D8F90E81B9330029341E /* OpenGL.framework in Frameworks */ = {isa = PBXBuildFile; fileRef = 0091D8F80E81B9330029341E /* OpenGL.framework */; };
		00B784B30FF439BC000DE1D7 /* Accelerate.framework in Frameworks */ = {isa = PBXBuildFile; fileRef = 00B784AF0FF439BC000DE1D7 /* Accelerate.framework */; };
		00B784B40FF439BC000DE1D7 /* AudioToolbox.framework in Frameworks */ = {isa = PBXBuildFile; fileRef = 00B784B00FF439BC000DE1D7 /* AudioToolbox.framework */; };
		00B784B50FF439BC000DE1D7 /* AudioUnit.framework in Frameworks */ = {isa = PBXBuildFile; fileRef = 00B784B10FF439BC000DE1D7 /* AudioUnit.framework */; };
		00B784B60FF439BC000DE1D7 /* CoreAudio.framework in Frameworks */ = {isa = PBXBuildFile; fileRef = 00B784B20FF439BC000DE1D7 /* CoreAudio.framework */; };
		00B9955A1B128DF400A5C623 /* IOKit.framework in Frameworks */ = {isa = PBXBuildFile; fileRef = 00B995581B128DF400A5C623 /* IOKit.framework */; };
		00B9955B1B128DF400A5C623 /* IOSurface.framework in Frameworks */ = {isa = PBXBuildFile; fileRef = 00B995591B128DF400A5C623 /* IOSurface.framework */; };
		5323E6B20EAFCA74003A9687 /* CoreVideo.framework in Frameworks */ = {isa = PBXBuildFile; fileRef = 5323E6B10EAFCA74003A9687 /* CoreVideo.framework */; };
		8D11072F0486CEB800E47090 /* Cocoa.framework in Frameworks */ = {isa = PBXBuildFile; fileRef = 1058C7A1FEA54F0111CA2CBB /* Cocoa.framework */; };
		78F15C631D1D4CC19B05FF73 /* Syphon.framework in CopyFiles */ = {isa = PBXBuildFile; fileRef = E4897DF74DC240EC9C1F8009 /* Syphon.framework */; };
		52E29EC8DCCF49CB971E1476 /* QuickTime.framework in Frameworks */ = {isa = PBXBuildFile; fileRef = 54653F56C75847AAB6E498DE /* QuickTime.framework */; };
		6DFF704B8D804ABBB6587882 /* Osc.h in Headers */ = {isa = PBXBuildFile; fileRef = 413233514E954DF1BA4E4DB7 /* Osc.h */; };
		17964752E68B40D3956EE1D5 /* Osc.cpp in Sources */ = {isa = PBXBuildFile; fileRef = E6FB07A331AE49A3BCD5FDFA /* Osc.cpp */; };
		D7D332DAD2CA4BD09114BF15 /* WebSocketServer.h in Headers */ = {isa = PBXBuildFile; fileRef = 978204F12EB743EAAE2A69FE /* WebSocketServer.h */; };
		979CDF356AA04441A12029B1 /* WebSocketConnection.h in Headers */ = {isa = PBXBuildFile; fileRef = 1A97EA921FD5470FBD048DD2 /* WebSocketConnection.h */; };
		B717238561E14D908AD29D2B /* WebSocketClient.h in Headers */ = {isa = PBXBuildFile; fileRef = A01BC0F75EF745B1A167B81E /* WebSocketClient.h */; };
		52EA2C478E4B42A68D90BA42 /* WebSocketServer.cpp in Sources */ = {isa = PBXBuildFile; fileRef = 0330FDF06E1E4EFDBDD6A460 /* WebSocketServer.cpp */; };
		6796CE36C7C44FA3999DADA1 /* WebSocketConnection.cpp in Sources */ = {isa = PBXBuildFile; fileRef = A3B8AC11C56C42C7ACB12227 /* WebSocketConnection.cpp */; };
		070BD30F32074EEB80156C65 /* WebSocketClient.cpp in Sources */ = {isa = PBXBuildFile; fileRef = 84C5C45FB0BC429EAAF56C4F /* WebSocketClient.cpp */; };
		2E9682F356C94A3C8CDCE429 /* WarpPerspectiveBilinear.cpp in Sources */ = {isa = PBXBuildFile; fileRef = 5860ACCDC2864AF5AEB2D401 /* WarpPerspectiveBilinear.cpp */; };
		5F8B7E596AFA4A9AAC5A4711 /* WarpPerspective.cpp in Sources */ = {isa = PBXBuildFile; fileRef = BC0D522AA7F3473DA80C38C6 /* WarpPerspective.cpp */; };
		8172192B9D8B4F0E8CDB7E57 /* WarpBilinear.cpp in Sources */ = {isa = PBXBuildFile; fileRef = AEBCA0A3279246A2B58BCCB2 /* WarpBilinear.cpp */; };
		57114B96B2FD4919BD7D25F6 /* Warp.cpp in Sources */ = {isa = PBXBuildFile; fileRef = 3F73DBF322864A609311FB9E /* Warp.cpp */; };
		31D4B2400F4947A2BB1D5B39 /* Warp.h in Headers */ = {isa = PBXBuildFile; fileRef = 1092856DCF1F4FB78E129C30 /* Warp.h */; };
		2169DC5A29E44F5BB88909E0 /* VDWarp.cpp in Sources */ = {isa = PBXBuildFile; fileRef = 664DE8C115454FFCB5BD7615 /* VDWarp.cpp */; };
		3DF7CFAD26D9411BB3359883 /* VDWarp.h in Headers */ = {isa = PBXBuildFile; fileRef = 6C0686B5CBF84B66A0856996 /* VDWarp.h */; };
		F6F0E8C255284E41805B90F2 /* VDUIWebsockets.cpp in Sources */ = {isa = PBXBuildFile; fileRef = 47CC65458C3F40BE96784DCA /* VDUIWebsockets.cpp */; };
		13F50184A9C048D3AE2E4406 /* VDUITextures.cpp in Sources */ = {isa = PBXBuildFile; fileRef = BAFCA34D79234AEEB9054971 /* VDUITextures.cpp */; };
		DED2986EDB7B45A4B8642D95 /* VDUITempo.cpp in Sources */ = {isa = PBXBuildFile; fileRef = F1A3A736777A4DF1894887BC /* VDUITempo.cpp */; };
		125BAD0FA3234BE1BCC4BCD5 /* VDUIOsc.cpp in Sources */ = {isa = PBXBuildFile; fileRef = BD2493994DC84106ADA16751 /* VDUIOsc.cpp */; };
		D288E8ECC21F447BB952EEFF /* VDUIMouse.cpp in Sources */ = {isa = PBXBuildFile; fileRef = 41111EF6A18146AAB53553A8 /* VDUIMouse.cpp */; };
		557FF35C3855429C9241EEE8 /* VDUIMidi.cpp in Sources */ = {isa = PBXBuildFile; fileRef = 3948B53AF6FF48EAB551D9E0 /* VDUIMidi.cpp */; };
		9C17E76148C240F7A10DF29B /* VDUIFbos.cpp in Sources */ = {isa = PBXBuildFile; fileRef = FB93C5D4BBDE4B52AB3CC542 /* VDUIFbos.cpp */; };
		3A4EE29AE2C14480BAAE9733 /* VDUIColor.cpp in Sources */ = {isa = PBXBuildFile; fileRef = F18250A0ABEA40FCB95E315E /* VDUIColor.cpp */; };
		8DE88FBEB5D642BF889CDEAE /* VDUIChannels.cpp in Sources */ = {isa = PBXBuildFile; fileRef = 2BED1A13AEE14BB09346439F /* VDUIChannels.cpp */; };
		3A08277E2B4A4E1D8C5E7455 /* VDUIBlend.cpp in Sources */ = {isa = PBXBuildFile; fileRef = 68A9BC47CEC54D19960C0F8E /* VDUIBlend.cpp */; };
		B25B056F436D4ADF9F9CB0E2 /* VDUIAudio.cpp in Sources */ = {isa = PBXBuildFile; fileRef = AF5EBA68AC824114B60A8832 /* VDUIAudio.cpp */; };
		644F344D4F3A433D96CC1540 /* VDUIAnimation.cpp in Sources */ = {isa = PBXBuildFile; fileRef = 0C9D9F58D408460381EF48DB /* VDUIAnimation.cpp */; };
		8D449BA883BF48FD8B0B27E7 /* VDUI.cpp in Sources */ = {isa = PBXBuildFile; fileRef = 65DC5E81566B4343BDDD5E0D /* VDUI.cpp */; };
		39743B39A2F94EE09D7A62B3 /* VDConsole.cpp in Sources */ = {isa = PBXBuildFile; fileRef = DC357B34D20E488A852B7005 /* VDConsole.cpp */; };
		8A2E07B1880F455D8D688524 /* VDUIWebsockets.h in Headers */ = {isa = PBXBuildFile; fileRef = 9C52801BDF504EB99F80B44B /* VDUIWebsockets.h */; };
		184D565D94D242BA921FBF6C /* VDUITextures.h in Headers */ = {isa = PBXBuildFile; fileRef = 6EACB4ADFF4545209D37AF07 /* VDUITextures.h */; };
		21E679782DD74C2EB268120F /* VDUITempo.h in Headers */ = {isa = PBXBuildFile; fileRef = F9756E0895524D0993A3E5C4 /* VDUITempo.h */; };
		65CE5E5044124E6499EB29BC /* VDUIOsc.h in Headers */ = {isa = PBXBuildFile; fileRef = 2EA776E75B39407BBDBE9654 /* VDUIOsc.h */; };
		5D8C3BB4B7184E63B67E5A33 /* VDUIMouse.h in Headers */ = {isa = PBXBuildFile; fileRef = 1984F9D16AEC4E4A92985830 /* VDUIMouse.h */; };
		F35BA9B7D2C640EC97855EEF /* VDUIMidi.h in Headers */ = {isa = PBXBuildFile; fileRef = 9C62DD5E36274DAE92DB6311 /* VDUIMidi.h */; };
		7E3DDE5DA41B4E8FB932D474 /* VDUIFbos.h in Headers */ = {isa = PBXBuildFile; fileRef = E1B7FA7175674BA99CF17AAB /* VDUIFbos.h */; };
		B1C59A8937CD4A6AA3C02166 /* VDUIColor.h in Headers */ = {isa = PBXBuildFile; fileRef = 3F902D1884A047D9A36FDCAB /* VDUIColor.h */; };
		5B5617C268DA41689EE1C707 /* VDUIChannels.h in Headers */ = {isa = PBXBuildFile; fileRef = CE4C01F671D8417DBAC1E2A7 /* VDUIChannels.h */; };
		79E7BE089BB643279BEC77D2 /* VDUIBlend.h in Headers */ = {isa = PBXBuildFile; fileRef = 9BF80E3E655B40019E296D11 /* VDUIBlend.h */; };
		24C24A5AFE804A49B3E0F199 /* VDUIAudio.h in Headers */ = {isa = PBXBuildFile; fileRef = 1616F3FB3AFE4B2A96A2A74C /* VDUIAudio.h */; };
		07438B5250B54063B93849D7 /* VDUIAnimation.h in Headers */ = {isa = PBXBuildFile; fileRef = 85483DA030C044A1B0E3C931 /* VDUIAnimation.h */; };
		A55B527CCECD438693F30F7F /* VDUI.h in Headers */ = {isa = PBXBuildFile; fileRef = 1E9FED805B3748D398094DDC /* VDUI.h */; };
		6BE0528FC7DE4D03B618A409 /* VDConsole.h in Headers */ = {isa = PBXBuildFile; fileRef = 25B5F8D65F6C4A909616163F /* VDConsole.h */; };
		05F3515EDA89483098D4F292 /* VDTexture.cpp in Sources */ = {isa = PBXBuildFile; fileRef = 7A406D41BE1F4663A3BE6D0E /* VDTexture.cpp */; };
		A105DACAFF1F423D83BE7853 /* VDTexture.h in Headers */ = {isa = PBXBuildFile; fileRef = 9CE4636B4C6040DA813B502F /* VDTexture.h */; };
		7A5B948759524DB98C851957 /* VDRouter.cpp in Sources */ = {isa = PBXBuildFile; fileRef = 702061D4B4EE408F9C0CEA6A /* VDRouter.cpp */; };
		0C74CDD783EC4C2FBE96D4F0 /* VDRouter.h in Headers */ = {isa = PBXBuildFile; fileRef = 49FD15EF2A144A2C9525F330 /* VDRouter.h */; };
		6468E7BC13F34C4D80483C94 /* VDShaders.cpp in Sources */ = {isa = PBXBuildFile; fileRef = 712307985213483BA6B32FD7 /* VDShaders.cpp */; };
		9629B4363AB54E7192522BCE /* VDMix.cpp in Sources */ = {isa = PBXBuildFile; fileRef = 93E1DD0D9EE2454D8EFDEF2B /* VDMix.cpp */; };
		7C0F4813CD8445518EFBBCA2 /* VDFbo.cpp in Sources */ = {isa = PBXBuildFile; fileRef = A35E4FF6D32944AFB45089B2 /* VDFbo.cpp */; };
		E68EE400C0EA4DEEB683F1B4 /* VDShaders.h in Headers */ = {isa = PBXBuildFile; fileRef = BBF2103C21614183B79FFDD4 /* VDShaders.h */; };
		EA3F0F148B6D4B9ABCB5C23B /* VDMix.h in Headers */ = {isa = PBXBuildFile; fileRef = 8B95353288AA47EC88F0DBF6 /* VDMix.h */; };
		F457C984D18A4CF6AA5DC7D3 /* VDFbo.h in Headers */ = {isa = PBXBuildFile; fileRef = 6FA858EC21D94B01AF69D19B /* VDFbo.h */; };
		C4DDE79A091F4371A0BD705A /* VDUtils.cpp in Sources */ = {isa = PBXBuildFile; fileRef = 3AD0324BD94645E7BF6EE2BD /* VDUtils.cpp */; };
		A319FBE2E32D487FA7360CCD /* VDSettings.cpp in Sources */ = {isa = PBXBuildFile; fileRef = 9650B2F955724C4A99A3B372 /* VDSettings.cpp */; };
		CCA6025E02724E12920DE52F /* VDSession.cpp in Sources */ = {isa = PBXBuildFile; fileRef = 903694F31E8A4E9CA08F5DE6 /* VDSession.cpp */; };
		7A4C5724853341738AA55DEA /* VDLog.cpp in Sources */ = {isa = PBXBuildFile; fileRef = A8BEBD553E5644C6A0218C02 /* VDLog.cpp */; };
		79F3AAF0638F47268A61C2DA /* VDAnimation.cpp in Sources */ = {isa = PBXBuildFile; fileRef = 754E0FB9D90641D7ABBA736D /* VDAnimation.cpp */; };
		F38DA2F607414A8EBDB17EB0 /* LiveParam.cpp in Sources */ = {isa = PBXBuildFile; fileRef = 72F7A402293F4398AE3FAB39 /* LiveParam.cpp */; };
		8FE7515B1FD342F7BAAC571F /* Watchdog.h in Headers */ = {isa = PBXBuildFile; fileRef = 84944B9A4F904227BCA81357 /* Watchdog.h */; };
		5DC1CEC123C744648E679162 /* VDUtils.h in Headers */ = {isa = PBXBuildFile; fileRef = 3FFB30B4D47D4F05B0A6F9B5 /* VDUtils.h */; };
		3BC3DD1F339142D7BEA90F3D /* VDSettings.h in Headers */ = {isa = PBXBuildFile; fileRef = 67ED1D8CC0334C7B9A0F60C7 /* VDSettings.h */; };
		D37E8C6E67D94C43AFF6B6EB /* VDSession.h in Headers */ = {isa = PBXBuildFile; fileRef = 4A2233B929B0487C9FD54A78 /* VDSession.h */; };
		C158F518D666461D94FC3596 /* VDLog.h in Headers */ = {isa = PBXBuildFile; fileRef = B4C7141031724EBDB9BD41A1 /* VDLog.h */; };
		D7BFDAC30FF048C2B0390F2C /* VDAnimation.h in Headers */ = {isa = PBXBuildFile; fileRef = F7074BF5430D40A5B4386B98 /* VDAnimation.h */; };
		CABFBE11BA0446BA8019A973 /* LiveParam.h in Headers */ = {isa = PBXBuildFile; fileRef = FB70ACB1000144A39AC07411 /* LiveParam.h */; };
		3A0260F2AD534B6982E2CD4C /* Syphon.framework in Frameworks */ = {isa = PBXBuildFile; fileRef = E4897DF74DC240EC9C1F8009 /* Syphon.framework */; };
		208E90EF7B0F4EDE84882ADB /* SyphonNameboundClient.m in Sources */ = {isa = PBXBuildFile; fileRef = 2AF85B184B1947F5AAF6C2A6 /* SyphonNameboundClient.m */; };
		35A36A4D50504D09864E91F2 /* SyphonNameboundClient.h in Headers */ = {isa = PBXBuildFile; fileRef = 73A045D457874B93AF407911 /* SyphonNameboundClient.h */; };
		B5CC9F8CE201444691BE86E1 /* syphonServerDirectory.mm in Sources */ = {isa = PBXBuildFile; fileRef = 0C3EBBE4CDCB4BDABC0C8BA2 /* syphonServerDirectory.mm */; };
		E0A50F82F12E445991D9FB25 /* syphonServer.mm in Sources */ = {isa = PBXBuildFile; fileRef = 5742C448479F40E392E257A9 /* syphonServer.mm */; };
		D144F07E254549E598486A08 /* syphonClient.mm in Sources */ = {isa = PBXBuildFile; fileRef = E242C843FC6440A5810AFE25 /* syphonClient.mm */; };
		C403140042074F0680A84944 /* syphonServerDirectory.h in Headers */ = {isa = PBXBuildFile; fileRef = B543FB00246F416D95171A75 /* syphonServerDirectory.h */; };
		75A0587D58C74DDD919FA533 /* syphonServer.h in Headers */ = {isa = PBXBuildFile; fileRef = 0BEB32073B314B8190082AAA /* syphonServer.h */; };
		6E451F66889642A1A4185737 /* syphonClient.h in Headers */ = {isa = PBXBuildFile; fileRef = 55E0BE1FAE714B68A2ABF326 /* syphonClient.h */; };
		B95C6BB341004ADDB5BF0332 /* cinderSyphon.h in Headers */ = {isa = PBXBuildFile; fileRef = 9AB6AFEFDB914B88B4251E79 /* cinderSyphon.h */; };
		702DD1FA05114252B2C0FFDF /* CoreMIDI.framework in Frameworks */ = {isa = PBXBuildFile; fileRef = BD698C1FD0694E179AA4D141 /* CoreMIDI.framework */; };
		43E1631BAFC04C21907BD9B4 /* MidiOut.cpp in Sources */ = {isa = PBXBuildFile; fileRef = 151926BBA38A46D996DF1D2B /* MidiOut.cpp */; };
		62E4FE723C6049E68DFCA0B8 /* CinderMidi.cpp in Sources */ = {isa = PBXBuildFile; fileRef = 00E2268962A24DFFAC7CE03B /* CinderMidi.cpp */; };
		CCDA48686C434E24A205C8D0 /* MidiHub.cpp in Sources */ = {isa = PBXBuildFile; fileRef = 8C442EE7175347A8AA9CB392 /* MidiHub.cpp */; };
		0FD002C849C74B79B0D31F17 /* RtMidi.cpp in Sources */ = {isa = PBXBuildFile; fileRef = 1BCD5EF36B9A4FA2B65B0B56 /* RtMidi.cpp */; };
		F2E2652E80164F259BA4A8A7 /* RtMidi.h in Headers */ = {isa = PBXBuildFile; fileRef = 04302CD6C1634414890C485A /* RtMidi.h */; };
		478A26EFDFFA4DBE92BF0A13 /* MidiOut.h in Headers */ = {isa = PBXBuildFile; fileRef = 82E2A881C4864E4CAACDE8EB /* MidiOut.h */; };
		770F7B88C6D147439E58819C /* MidiHub.h in Headers */ = {isa = PBXBuildFile; fileRef = 524249221ECC440E9504B865 /* MidiHub.h */; };
		E5AEE789D25F4389B4C05C73 /* MidiExceptions.h in Headers */ = {isa = PBXBuildFile; fileRef = 87BC8CD6F672455C9C709FAC /* MidiExceptions.h */; };
		28FAAB90EB2B4455A72EF3BE /* CinderMidi.h in Headers */ = {isa = PBXBuildFile; fileRef = 13E03C7A6E1C4D498D93A4D3 /* CinderMidi.h */; };
		2BE020E899944F6984463477 /* imgui_demo.cpp in Sources */ = {isa = PBXBuildFile; fileRef = 43054B1AF35A4988B9EB5D93 /* imgui_demo.cpp */; };
		99FBE01E1E7E41E382F2E008 /* imgui_draw.cpp in Sources */ = {isa = PBXBuildFile; fileRef = 04D27A62ABEC4EF3AAFC41B0 /* imgui_draw.cpp */; };
		A55F14C2A64B40F4A99380E5 /* imgui.cpp in Sources */ = {isa = PBXBuildFile; fileRef = 3A0CEA17D5BE442FA325150D /* imgui.cpp */; };
		9040B31532AC4ACFBB85D364 /* CinderImGui.cpp in Sources */ = {isa = PBXBuildFile; fileRef = 193B53FD0D154E1DB5C29E4A /* CinderImGui.cpp */; };
		6D36AB1CE6284C008EAA652F /* imgui_internal.h in Headers */ = {isa = PBXBuildFile; fileRef = 10291F10EDC24FDB9D8E4D91 /* imgui_internal.h */; };
		28D3455748ED452AA1FC6AD4 /* imgui.h in Headers */ = {isa = PBXBuildFile; fileRef = 022425CE2CC24A9B9353C2FC /* imgui.h */; };
		DEA1A7B1F3F74A3E80449B7C /* imconfig.h in Headers */ = {isa = PBXBuildFile; fileRef = 7EEC5E0377CF41FCAB2282D2 /* imconfig.h */; };
		4E195933AF0641DC8DAB3F84 /* imgui_user.inl in Headers */ = {isa = PBXBuildFile; fileRef = D7F15D7A9E294BEC818C9687 /* imgui_user.inl */; };
		58012080B5934C72BA146568 /* imgui_user.h in Headers */ = {isa = PBXBuildFile; fileRef = E3B8C641126340E0A8EAD854 /* imgui_user.h */; };
		46B3899BDD18418DB63D5E60 /* CinderImGui.h in Headers */ = {isa = PBXBuildFile; fileRef = 10E19B49229648C387BCF3D4 /* CinderImGui.h */; };
		CF2DF14BA53C44BC821B4706 /* VideodrommLiveCodingApp.cpp in Sources */ = {isa = PBXBuildFile; fileRef = 1C66AFBDA156435EAF039109 /* VideodrommLiveCodingApp.cpp */; };
		5F5A31CC2F2E4F36A8510580 /* VideodrommLiveCoding_Prefix.pch in Headers */ = {isa = PBXBuildFile; fileRef = 4F820F6C2E4E4F5BA3BC9456 /* VideodrommLiveCoding_Prefix.pch */; };
		8FBB4F25CDCA4C2CABA33F62 /* CinderApp.icns in Resources */ = {isa = PBXBuildFile; fileRef = 7A2BAB06748B40E0BE062012 /* CinderApp.icns */; };
		295626CDECC044D0956314D5 /* Resources.h in Headers */ = {isa = PBXBuildFile; fileRef = B73E990871B2427BAFA07C9C /* Resources.h */; };
/* End PBXBuildFile section */

/* Begin PBXFileReference section */
		006D720219952D00008149E2 /* AVFoundation.framework */ = {isa = PBXFileReference; lastKnownFileType = wrapper.framework; name = AVFoundation.framework; path = System/Library/Frameworks/AVFoundation.framework; sourceTree = SDKROOT; };
		006D720319952D00008149E2 /* CoreMedia.framework */ = {isa = PBXFileReference; lastKnownFileType = wrapper.framework; name = CoreMedia.framework; path = System/Library/Frameworks/CoreMedia.framework; sourceTree = SDKROOT; };
		0091D8F80E81B9330029341E /* OpenGL.framework */ = {isa = PBXFileReference; lastKnownFileType = wrapper.framework; name = OpenGL.framework; path = /System/Library/Frameworks/OpenGL.framework; sourceTree = "<absolute>"; };
		00B784AF0FF439BC000DE1D7 /* Accelerate.framework */ = {isa = PBXFileReference; lastKnownFileType = wrapper.framework; name = Accelerate.framework; path = System/Library/Frameworks/Accelerate.framework; sourceTree = SDKROOT; };
		00B784B00FF439BC000DE1D7 /* AudioToolbox.framework */ = {isa = PBXFileReference; lastKnownFileType = wrapper.framework; name = AudioToolbox.framework; path = System/Library/Frameworks/AudioToolbox.framework; sourceTree = SDKROOT; };
		00B784B10FF439BC000DE1D7 /* AudioUnit.framework */ = {isa = PBXFileReference; lastKnownFileType = wrapper.framework; name = AudioUnit.framework; path = System/Library/Frameworks/AudioUnit.framework; sourceTree = SDKROOT; };
		00B784B20FF439BC000DE1D7 /* CoreAudio.framework */ = {isa = PBXFileReference; lastKnownFileType = wrapper.framework; name = CoreAudio.framework; path = System/Library/Frameworks/CoreAudio.framework; sourceTree = SDKROOT; };
		00B995581B128DF400A5C623 /* IOKit.framework */ = {isa = PBXFileReference; lastKnownFileType = wrapper.framework; name = IOKit.framework; path = System/Library/Frameworks/IOKit.framework; sourceTree = SDKROOT; };
		00B995591B128DF400A5C623 /* IOSurface.framework */ = {isa = PBXFileReference; lastKnownFileType = wrapper.framework; name = IOSurface.framework; path = System/Library/Frameworks/IOSurface.framework; sourceTree = SDKROOT; };
		1058C7A1FEA54F0111CA2CBB /* Cocoa.framework */ = {isa = PBXFileReference; lastKnownFileType = wrapper.framework; name = Cocoa.framework; path = /System/Library/Frameworks/Cocoa.framework; sourceTree = "<absolute>"; };
		29B97324FDCFA39411CA2CEA /* AppKit.framework */ = {isa = PBXFileReference; lastKnownFileType = wrapper.framework; name = AppKit.framework; path = /System/Library/Frameworks/AppKit.framework; sourceTree = "<absolute>"; };
		29B97325FDCFA39411CA2CEA /* Foundation.framework */ = {isa = PBXFileReference; lastKnownFileType = wrapper.framework; name = Foundation.framework; path = /System/Library/Frameworks/Foundation.framework; sourceTree = "<absolute>"; };
		5323E6B10EAFCA74003A9687 /* CoreVideo.framework */ = {isa = PBXFileReference; lastKnownFileType = wrapper.framework; name = CoreVideo.framework; path = /System/Library/Frameworks/CoreVideo.framework; sourceTree = "<absolute>"; };
		8D1107320486CEB800E47090 /* VideodrommLiveCoding.app */ = {isa = PBXFileReference; explicitFileType = wrapper.application; includeInIndex = 0; path = VideodrommLiveCoding.app; sourceTree = BUILT_PRODUCTS_DIR; };
		B73E990871B2427BAFA07C9C /* Resources.h */ = {isa = PBXFileReference; lastKnownFileType = sourcecode.c.h; path = ../include/Resources.h; sourceTree = "<group>"; name = Resources.h; };
		7A2BAB06748B40E0BE062012 /* CinderApp.icns */ = {isa = PBXFileReference; lastKnownFileType = image.icns; path = ../resources/CinderApp.icns; sourceTree = "<group>"; name = CinderApp.icns; };
		24B956681F6A484B89815422 /* Info.plist */ = {isa = PBXFileReference; lastKnownFileType = text.plist.xml; path = Info.plist; sourceTree = "<group>"; name = Info.plist; };
		4F820F6C2E4E4F5BA3BC9456 /* VideodrommLiveCoding_Prefix.pch */ = {isa = PBXFileReference; lastKnownFileType = "\"\""; path = VideodrommLiveCoding_Prefix.pch; sourceTree = "<group>"; name = VideodrommLiveCoding_Prefix.pch; };
		1C66AFBDA156435EAF039109 /* VideodrommLiveCodingApp.cpp */ = {isa = PBXFileReference; lastKnownFileType = sourcecode.c.cpp; path = ../src/VideodrommLiveCodingApp.cpp; sourceTree = "<group>"; name = VideodrommLiveCodingApp.cpp; };
		10E19B49229648C387BCF3D4 /* CinderImGui.h */ = {isa = PBXFileReference; lastKnownFileType = sourcecode.c.h; path = "../../../Cinder/blocks/Cinder-ImGui/include/CinderImGui.h"; sourceTree = "<group>"; name = CinderImGui.h; };
		E3B8C641126340E0A8EAD854 /* imgui_user.h */ = {isa = PBXFileReference; lastKnownFileType = sourcecode.c.h; path = "../../../Cinder/blocks/Cinder-ImGui/include/imgui_user.h"; sourceTree = "<group>"; name = imgui_user.h; };
		D7F15D7A9E294BEC818C9687 /* imgui_user.inl */ = {isa = PBXFileReference; lastKnownFileType = "\"\""; path = "../../../Cinder/blocks/Cinder-ImGui/include/imgui_user.inl"; sourceTree = "<group>"; name = imgui_user.inl; };
		7EEC5E0377CF41FCAB2282D2 /* imconfig.h */ = {isa = PBXFileReference; lastKnownFileType = sourcecode.c.h; path = "../../../Cinder/blocks/Cinder-ImGui/lib/imgui/imconfig.h"; sourceTree = "<group>"; name = imconfig.h; };
		022425CE2CC24A9B9353C2FC /* imgui.h */ = {isa = PBXFileReference; lastKnownFileType = sourcecode.c.h; path = "../../../Cinder/blocks/Cinder-ImGui/lib/imgui/imgui.h"; sourceTree = "<group>"; name = imgui.h; };
		10291F10EDC24FDB9D8E4D91 /* imgui_internal.h */ = {isa = PBXFileReference; lastKnownFileType = sourcecode.c.h; path = "../../../Cinder/blocks/Cinder-ImGui/lib/imgui/imgui_internal.h"; sourceTree = "<group>"; name = imgui_internal.h; };
		193B53FD0D154E1DB5C29E4A /* CinderImGui.cpp */ = {isa = PBXFileReference; lastKnownFileType = sourcecode.c.cpp; path = "../../../Cinder/blocks/Cinder-ImGui/src/CinderImGui.cpp"; sourceTree = "<group>"; name = CinderImGui.cpp; };
		3A0CEA17D5BE442FA325150D /* imgui.cpp */ = {isa = PBXFileReference; lastKnownFileType = sourcecode.c.cpp; path = "../../../Cinder/blocks/Cinder-ImGui/lib/imgui/imgui.cpp"; sourceTree = "<group>"; name = imgui.cpp; };
		04D27A62ABEC4EF3AAFC41B0 /* imgui_draw.cpp */ = {isa = PBXFileReference; lastKnownFileType = sourcecode.c.cpp; path = "../../../Cinder/blocks/Cinder-ImGui/lib/imgui/imgui_draw.cpp"; sourceTree = "<group>"; name = imgui_draw.cpp; };
		43054B1AF35A4988B9EB5D93 /* imgui_demo.cpp */ = {isa = PBXFileReference; lastKnownFileType = sourcecode.c.cpp; path = "../../../Cinder/blocks/Cinder-ImGui/lib/imgui/imgui_demo.cpp"; sourceTree = "<group>"; name = imgui_demo.cpp; };
		13E03C7A6E1C4D498D93A4D3 /* CinderMidi.h */ = {isa = PBXFileReference; lastKnownFileType = sourcecode.c.h; path = "../../../Cinder/blocks/Cinder-MIDI2/include/CinderMidi.h"; sourceTree = "<group>"; name = CinderMidi.h; };
		87BC8CD6F672455C9C709FAC /* MidiExceptions.h */ = {isa = PBXFileReference; lastKnownFileType = sourcecode.c.h; path = "../../../Cinder/blocks/Cinder-MIDI2/include/MidiExceptions.h"; sourceTree = "<group>"; name = MidiExceptions.h; };
		524249221ECC440E9504B865 /* MidiHub.h */ = {isa = PBXFileReference; lastKnownFileType = sourcecode.c.h; path = "../../../Cinder/blocks/Cinder-MIDI2/include/MidiHub.h"; sourceTree = "<group>"; name = MidiHub.h; };
		82E2A881C4864E4CAACDE8EB /* MidiOut.h */ = {isa = PBXFileReference; lastKnownFileType = sourcecode.c.h; path = "../../../Cinder/blocks/Cinder-MIDI2/include/MidiOut.h"; sourceTree = "<group>"; name = MidiOut.h; };
		04302CD6C1634414890C485A /* RtMidi.h */ = {isa = PBXFileReference; lastKnownFileType = sourcecode.c.h; path = "../../../Cinder/blocks/Cinder-MIDI2/lib/RtMidi.h"; sourceTree = "<group>"; name = RtMidi.h; };
		1BCD5EF36B9A4FA2B65B0B56 /* RtMidi.cpp */ = {isa = PBXFileReference; lastKnownFileType = sourcecode.c.cpp; path = "../../../Cinder/blocks/Cinder-MIDI2/lib/RtMidi.cpp"; sourceTree = "<group>"; name = RtMidi.cpp; };
		8C442EE7175347A8AA9CB392 /* MidiHub.cpp */ = {isa = PBXFileReference; lastKnownFileType = sourcecode.c.cpp; path = "../../../Cinder/blocks/Cinder-MIDI2/src/MidiHub.cpp"; sourceTree = "<group>"; name = MidiHub.cpp; };
		00E2268962A24DFFAC7CE03B /* CinderMidi.cpp */ = {isa = PBXFileReference; lastKnownFileType = sourcecode.c.cpp; path = "../../../Cinder/blocks/Cinder-MIDI2/src/CinderMidi.cpp"; sourceTree = "<group>"; name = CinderMidi.cpp; };
		151926BBA38A46D996DF1D2B /* MidiOut.cpp */ = {isa = PBXFileReference; lastKnownFileType = sourcecode.c.cpp; path = "../../../Cinder/blocks/Cinder-MIDI2/src/MidiOut.cpp"; sourceTree = "<group>"; name = MidiOut.cpp; };
		BD698C1FD0694E179AA4D141 /* CoreMIDI.framework */ = {isa = PBXFileReference; lastKnownFileType = wrapper.framework; path = System/Library/Frameworks/CoreMIDI.framework; sourceTree = SDKROOT; name = CoreMIDI.framework; };
		9AB6AFEFDB914B88B4251E79 /* cinderSyphon.h */ = {isa = PBXFileReference; lastKnownFileType = sourcecode.c.h; path = "../../../Cinder/blocks/Cinder-Syphon/src/cinderSyphon.h"; sourceTree = "<group>"; name = cinderSyphon.h; };
		55E0BE1FAE714B68A2ABF326 /* syphonClient.h */ = {isa = PBXFileReference; lastKnownFileType = sourcecode.c.h; path = "../../../Cinder/blocks/Cinder-Syphon/src/syphonClient.h"; sourceTree = "<group>"; name = syphonClient.h; };
		0BEB32073B314B8190082AAA /* syphonServer.h */ = {isa = PBXFileReference; lastKnownFileType = sourcecode.c.h; path = "../../../Cinder/blocks/Cinder-Syphon/src/syphonServer.h"; sourceTree = "<group>"; name = syphonServer.h; };
		B543FB00246F416D95171A75 /* syphonServerDirectory.h */ = {isa = PBXFileReference; lastKnownFileType = sourcecode.c.h; path = "../../../Cinder/blocks/Cinder-Syphon/src/syphonServerDirectory.h"; sourceTree = "<group>"; name = syphonServerDirectory.h; };
		E242C843FC6440A5810AFE25 /* syphonClient.mm */ = {isa = PBXFileReference; lastKnownFileType = sourcecode.cpp.objcpp; path = "../../../Cinder/blocks/Cinder-Syphon/src/syphonClient.mm"; sourceTree = "<group>"; name = syphonClient.mm; };
		5742C448479F40E392E257A9 /* syphonServer.mm */ = {isa = PBXFileReference; lastKnownFileType = sourcecode.cpp.objcpp; path = "../../../Cinder/blocks/Cinder-Syphon/src/syphonServer.mm"; sourceTree = "<group>"; name = syphonServer.mm; };
		0C3EBBE4CDCB4BDABC0C8BA2 /* syphonServerDirectory.mm */ = {isa = PBXFileReference; lastKnownFileType = sourcecode.cpp.objcpp; path = "../../../Cinder/blocks/Cinder-Syphon/src/syphonServerDirectory.mm"; sourceTree = "<group>"; name = syphonServerDirectory.mm; };
		73A045D457874B93AF407911 /* SyphonNameboundClient.h */ = {isa = PBXFileReference; lastKnownFileType = sourcecode.c.h; path = "../../../Cinder/blocks/Cinder-Syphon/lib/SyphonNameboundClient.h"; sourceTree = "<group>"; name = SyphonNameboundClient.h; };
		2AF85B184B1947F5AAF6C2A6 /* SyphonNameboundClient.m */ = {isa = PBXFileReference; lastKnownFileType = "\"\""; path = "../../../Cinder/blocks/Cinder-Syphon/lib/SyphonNameboundClient.m"; sourceTree = "<group>"; name = SyphonNameboundClient.m; };
		E4897DF74DC240EC9C1F8009 /* Syphon.framework */ = {isa = PBXFileReference; lastKnownFileType = wrapper.framework; path = "../../../Cinder/blocks/Cinder-Syphon/lib/Syphon.framework"; sourceTree = "<group>"; name = Syphon.framework; };
		FB70ACB1000144A39AC07411 /* LiveParam.h */ = {isa = PBXFileReference; lastKnownFileType = sourcecode.c.h; path = "../../../Cinder/blocks/Cinder-Videodromm/include/LiveParam.h"; sourceTree = "<group>"; name = LiveParam.h; };
		F7074BF5430D40A5B4386B98 /* VDAnimation.h */ = {isa = PBXFileReference; lastKnownFileType = sourcecode.c.h; path = "../../../Cinder/blocks/Cinder-Videodromm/include/VDAnimation.h"; sourceTree = "<group>"; name = VDAnimation.h; };
		B4C7141031724EBDB9BD41A1 /* VDLog.h */ = {isa = PBXFileReference; lastKnownFileType = sourcecode.c.h; path = "../../../Cinder/blocks/Cinder-Videodromm/include/VDLog.h"; sourceTree = "<group>"; name = VDLog.h; };
		4A2233B929B0487C9FD54A78 /* VDSession.h */ = {isa = PBXFileReference; lastKnownFileType = sourcecode.c.h; path = "../../../Cinder/blocks/Cinder-Videodromm/include/VDSession.h"; sourceTree = "<group>"; name = VDSession.h; };
		67ED1D8CC0334C7B9A0F60C7 /* VDSettings.h */ = {isa = PBXFileReference; lastKnownFileType = sourcecode.c.h; path = "../../../Cinder/blocks/Cinder-Videodromm/include/VDSettings.h"; sourceTree = "<group>"; name = VDSettings.h; };
		3FFB30B4D47D4F05B0A6F9B5 /* VDUtils.h */ = {isa = PBXFileReference; lastKnownFileType = sourcecode.c.h; path = "../../../Cinder/blocks/Cinder-Videodromm/include/VDUtils.h"; sourceTree = "<group>"; name = VDUtils.h; };
		84944B9A4F904227BCA81357 /* Watchdog.h */ = {isa = PBXFileReference; lastKnownFileType = sourcecode.c.h; path = "../../../Cinder/blocks/Cinder-Videodromm/include/Watchdog.h"; sourceTree = "<group>"; name = Watchdog.h; };
		72F7A402293F4398AE3FAB39 /* LiveParam.cpp */ = {isa = PBXFileReference; lastKnownFileType = sourcecode.c.cpp; path = "../../../Cinder/blocks/Cinder-Videodromm/src/LiveParam.cpp"; sourceTree = "<group>"; name = LiveParam.cpp; };
		754E0FB9D90641D7ABBA736D /* VDAnimation.cpp */ = {isa = PBXFileReference; lastKnownFileType = sourcecode.c.cpp; path = "../../../Cinder/blocks/Cinder-Videodromm/src/VDAnimation.cpp"; sourceTree = "<group>"; name = VDAnimation.cpp; };
		A8BEBD553E5644C6A0218C02 /* VDLog.cpp */ = {isa = PBXFileReference; lastKnownFileType = sourcecode.c.cpp; path = "../../../Cinder/blocks/Cinder-Videodromm/src/VDLog.cpp"; sourceTree = "<group>"; name = VDLog.cpp; };
		903694F31E8A4E9CA08F5DE6 /* VDSession.cpp */ = {isa = PBXFileReference; lastKnownFileType = sourcecode.c.cpp; path = "../../../Cinder/blocks/Cinder-Videodromm/src/VDSession.cpp"; sourceTree = "<group>"; name = VDSession.cpp; };
		9650B2F955724C4A99A3B372 /* VDSettings.cpp */ = {isa = PBXFileReference; lastKnownFileType = sourcecode.c.cpp; path = "../../../Cinder/blocks/Cinder-Videodromm/src/VDSettings.cpp"; sourceTree = "<group>"; name = VDSettings.cpp; };
		3AD0324BD94645E7BF6EE2BD /* VDUtils.cpp */ = {isa = PBXFileReference; lastKnownFileType = sourcecode.c.cpp; path = "../../../Cinder/blocks/Cinder-Videodromm/src/VDUtils.cpp"; sourceTree = "<group>"; name = VDUtils.cpp; };
		6FA858EC21D94B01AF69D19B /* VDFbo.h */ = {isa = PBXFileReference; lastKnownFileType = sourcecode.c.h; path = "../../../Cinder/blocks/Cinder-Videodromm-Fbos/include/VDFbo.h"; sourceTree = "<group>"; name = VDFbo.h; };
		8B95353288AA47EC88F0DBF6 /* VDMix.h */ = {isa = PBXFileReference; lastKnownFileType = sourcecode.c.h; path = "../../../Cinder/blocks/Cinder-Videodromm-Fbos/include/VDMix.h"; sourceTree = "<group>"; name = VDMix.h; };
		BBF2103C21614183B79FFDD4 /* VDShaders.h */ = {isa = PBXFileReference; lastKnownFileType = sourcecode.c.h; path = "../../../Cinder/blocks/Cinder-Videodromm-Fbos/include/VDShaders.h"; sourceTree = "<group>"; name = VDShaders.h; };
		A35E4FF6D32944AFB45089B2 /* VDFbo.cpp */ = {isa = PBXFileReference; lastKnownFileType = sourcecode.c.cpp; path = "../../../Cinder/blocks/Cinder-Videodromm-Fbos/src/VDFbo.cpp"; sourceTree = "<group>"; name = VDFbo.cpp; };
		93E1DD0D9EE2454D8EFDEF2B /* VDMix.cpp */ = {isa = PBXFileReference; lastKnownFileType = sourcecode.c.cpp; path = "../../../Cinder/blocks/Cinder-Videodromm-Fbos/src/VDMix.cpp"; sourceTree = "<group>"; name = VDMix.cpp; };
		712307985213483BA6B32FD7 /* VDShaders.cpp */ = {isa = PBXFileReference; lastKnownFileType = sourcecode.c.cpp; path = "../../../Cinder/blocks/Cinder-Videodromm-Fbos/src/VDShaders.cpp"; sourceTree = "<group>"; name = VDShaders.cpp; };
		49FD15EF2A144A2C9525F330 /* VDRouter.h */ = {isa = PBXFileReference; lastKnownFileType = sourcecode.c.h; path = "../../../Cinder/blocks/Cinder-Videodromm-Router/include/VDRouter.h"; sourceTree = "<group>"; name = VDRouter.h; };
		702061D4B4EE408F9C0CEA6A /* VDRouter.cpp */ = {isa = PBXFileReference; lastKnownFileType = sourcecode.c.cpp; path = "../../../Cinder/blocks/Cinder-Videodromm-Router/src/VDRouter.cpp"; sourceTree = "<group>"; name = VDRouter.cpp; };
		9CE4636B4C6040DA813B502F /* VDTexture.h */ = {isa = PBXFileReference; lastKnownFileType = sourcecode.c.h; path = "../../../Cinder/blocks/Cinder-Videodromm-Textures/include/VDTexture.h"; sourceTree = "<group>"; name = VDTexture.h; };
		7A406D41BE1F4663A3BE6D0E /* VDTexture.cpp */ = {isa = PBXFileReference; lastKnownFileType = sourcecode.c.cpp; path = "../../../Cinder/blocks/Cinder-Videodromm-Textures/src/VDTexture.cpp"; sourceTree = "<group>"; name = VDTexture.cpp; };
		25B5F8D65F6C4A909616163F /* VDConsole.h */ = {isa = PBXFileReference; lastKnownFileType = sourcecode.c.h; path = "../../../Cinder/blocks/Cinder-Videodromm-UI/include/VDConsole.h"; sourceTree = "<group>"; name = VDConsole.h; };
		1E9FED805B3748D398094DDC /* VDUI.h */ = {isa = PBXFileReference; lastKnownFileType = sourcecode.c.h; path = "../../../Cinder/blocks/Cinder-Videodromm-UI/include/VDUI.h"; sourceTree = "<group>"; name = VDUI.h; };
		85483DA030C044A1B0E3C931 /* VDUIAnimation.h */ = {isa = PBXFileReference; lastKnownFileType = sourcecode.c.h; path = "../../../Cinder/blocks/Cinder-Videodromm-UI/include/VDUIAnimation.h"; sourceTree = "<group>"; name = VDUIAnimation.h; };
		1616F3FB3AFE4B2A96A2A74C /* VDUIAudio.h */ = {isa = PBXFileReference; lastKnownFileType = sourcecode.c.h; path = "../../../Cinder/blocks/Cinder-Videodromm-UI/include/VDUIAudio.h"; sourceTree = "<group>"; name = VDUIAudio.h; };
		9BF80E3E655B40019E296D11 /* VDUIBlend.h */ = {isa = PBXFileReference; lastKnownFileType = sourcecode.c.h; path = "../../../Cinder/blocks/Cinder-Videodromm-UI/include/VDUIBlend.h"; sourceTree = "<group>"; name = VDUIBlend.h; };
		CE4C01F671D8417DBAC1E2A7 /* VDUIChannels.h */ = {isa = PBXFileReference; lastKnownFileType = sourcecode.c.h; path = "../../../Cinder/blocks/Cinder-Videodromm-UI/include/VDUIChannels.h"; sourceTree = "<group>"; name = VDUIChannels.h; };
		3F902D1884A047D9A36FDCAB /* VDUIColor.h */ = {isa = PBXFileReference; lastKnownFileType = sourcecode.c.h; path = "../../../Cinder/blocks/Cinder-Videodromm-UI/include/VDUIColor.h"; sourceTree = "<group>"; name = VDUIColor.h; };
		E1B7FA7175674BA99CF17AAB /* VDUIFbos.h */ = {isa = PBXFileReference; lastKnownFileType = sourcecode.c.h; path = "../../../Cinder/blocks/Cinder-Videodromm-UI/include/VDUIFbos.h"; sourceTree = "<group>"; name = VDUIFbos.h; };
		9C62DD5E36274DAE92DB6311 /* VDUIMidi.h */ = {isa = PBXFileReference; lastKnownFileType = sourcecode.c.h; path = "../../../Cinder/blocks/Cinder-Videodromm-UI/include/VDUIMidi.h"; sourceTree = "<group>"; name = VDUIMidi.h; };
		1984F9D16AEC4E4A92985830 /* VDUIMouse.h */ = {isa = PBXFileReference; lastKnownFileType = sourcecode.c.h; path = "../../../Cinder/blocks/Cinder-Videodromm-UI/include/VDUIMouse.h"; sourceTree = "<group>"; name = VDUIMouse.h; };
		2EA776E75B39407BBDBE9654 /* VDUIOsc.h */ = {isa = PBXFileReference; lastKnownFileType = sourcecode.c.h; path = "../../../Cinder/blocks/Cinder-Videodromm-UI/include/VDUIOsc.h"; sourceTree = "<group>"; name = VDUIOsc.h; };
		F9756E0895524D0993A3E5C4 /* VDUITempo.h */ = {isa = PBXFileReference; lastKnownFileType = sourcecode.c.h; path = "../../../Cinder/blocks/Cinder-Videodromm-UI/include/VDUITempo.h"; sourceTree = "<group>"; name = VDUITempo.h; };
		6EACB4ADFF4545209D37AF07 /* VDUITextures.h */ = {isa = PBXFileReference; lastKnownFileType = sourcecode.c.h; path = "../../../Cinder/blocks/Cinder-Videodromm-UI/include/VDUITextures.h"; sourceTree = "<group>"; name = VDUITextures.h; };
		9C52801BDF504EB99F80B44B /* VDUIWebsockets.h */ = {isa = PBXFileReference; lastKnownFileType = sourcecode.c.h; path = "../../../Cinder/blocks/Cinder-Videodromm-UI/include/VDUIWebsockets.h"; sourceTree = "<group>"; name = VDUIWebsockets.h; };
		DC357B34D20E488A852B7005 /* VDConsole.cpp */ = {isa = PBXFileReference; lastKnownFileType = sourcecode.c.cpp; path = "../../../Cinder/blocks/Cinder-Videodromm-UI/src/VDConsole.cpp"; sourceTree = "<group>"; name = VDConsole.cpp; };
		65DC5E81566B4343BDDD5E0D /* VDUI.cpp */ = {isa = PBXFileReference; lastKnownFileType = sourcecode.c.cpp; path = "../../../Cinder/blocks/Cinder-Videodromm-UI/src/VDUI.cpp"; sourceTree = "<group>"; name = VDUI.cpp; };
		0C9D9F58D408460381EF48DB /* VDUIAnimation.cpp */ = {isa = PBXFileReference; lastKnownFileType = sourcecode.c.cpp; path = "../../../Cinder/blocks/Cinder-Videodromm-UI/src/VDUIAnimation.cpp"; sourceTree = "<group>"; name = VDUIAnimation.cpp; };
		AF5EBA68AC824114B60A8832 /* VDUIAudio.cpp */ = {isa = PBXFileReference; lastKnownFileType = sourcecode.c.cpp; path = "../../../Cinder/blocks/Cinder-Videodromm-UI/src/VDUIAudio.cpp"; sourceTree = "<group>"; name = VDUIAudio.cpp; };
		68A9BC47CEC54D19960C0F8E /* VDUIBlend.cpp */ = {isa = PBXFileReference; lastKnownFileType = sourcecode.c.cpp; path = "../../../Cinder/blocks/Cinder-Videodromm-UI/src/VDUIBlend.cpp"; sourceTree = "<group>"; name = VDUIBlend.cpp; };
		2BED1A13AEE14BB09346439F /* VDUIChannels.cpp */ = {isa = PBXFileReference; lastKnownFileType = sourcecode.c.cpp; path = "../../../Cinder/blocks/Cinder-Videodromm-UI/src/VDUIChannels.cpp"; sourceTree = "<group>"; name = VDUIChannels.cpp; };
		F18250A0ABEA40FCB95E315E /* VDUIColor.cpp */ = {isa = PBXFileReference; lastKnownFileType = sourcecode.c.cpp; path = "../../../Cinder/blocks/Cinder-Videodromm-UI/src/VDUIColor.cpp"; sourceTree = "<group>"; name = VDUIColor.cpp; };
		FB93C5D4BBDE4B52AB3CC542 /* VDUIFbos.cpp */ = {isa = PBXFileReference; lastKnownFileType = sourcecode.c.cpp; path = "../../../Cinder/blocks/Cinder-Videodromm-UI/src/VDUIFbos.cpp"; sourceTree = "<group>"; name = VDUIFbos.cpp; };
		3948B53AF6FF48EAB551D9E0 /* VDUIMidi.cpp */ = {isa = PBXFileReference; lastKnownFileType = sourcecode.c.cpp; path = "../../../Cinder/blocks/Cinder-Videodromm-UI/src/VDUIMidi.cpp"; sourceTree = "<group>"; name = VDUIMidi.cpp; };
		41111EF6A18146AAB53553A8 /* VDUIMouse.cpp */ = {isa = PBXFileReference; lastKnownFileType = sourcecode.c.cpp; path = "../../../Cinder/blocks/Cinder-Videodromm-UI/src/VDUIMouse.cpp"; sourceTree = "<group>"; name = VDUIMouse.cpp; };
		BD2493994DC84106ADA16751 /* VDUIOsc.cpp */ = {isa = PBXFileReference; lastKnownFileType = sourcecode.c.cpp; path = "../../../Cinder/blocks/Cinder-Videodromm-UI/src/VDUIOsc.cpp"; sourceTree = "<group>"; name = VDUIOsc.cpp; };
		F1A3A736777A4DF1894887BC /* VDUITempo.cpp */ = {isa = PBXFileReference; lastKnownFileType = sourcecode.c.cpp; path = "../../../Cinder/blocks/Cinder-Videodromm-UI/src/VDUITempo.cpp"; sourceTree = "<group>"; name = VDUITempo.cpp; };
		BAFCA34D79234AEEB9054971 /* VDUITextures.cpp */ = {isa = PBXFileReference; lastKnownFileType = sourcecode.c.cpp; path = "../../../Cinder/blocks/Cinder-Videodromm-UI/src/VDUITextures.cpp"; sourceTree = "<group>"; name = VDUITextures.cpp; };
		47CC65458C3F40BE96784DCA /* VDUIWebsockets.cpp */ = {isa = PBXFileReference; lastKnownFileType = sourcecode.c.cpp; path = "../../../Cinder/blocks/Cinder-Videodromm-UI/src/VDUIWebsockets.cpp"; sourceTree = "<group>"; name = VDUIWebsockets.cpp; };
		6C0686B5CBF84B66A0856996 /* VDWarp.h */ = {isa = PBXFileReference; lastKnownFileType = sourcecode.c.h; path = "../../../Cinder/blocks/Cinder-Videodromm-Warps/include/VDWarp.h"; sourceTree = "<group>"; name = VDWarp.h; };
		664DE8C115454FFCB5BD7615 /* VDWarp.cpp */ = {isa = PBXFileReference; lastKnownFileType = sourcecode.c.cpp; path = "../../../Cinder/blocks/Cinder-Videodromm-Warps/src/VDWarp.cpp"; sourceTree = "<group>"; name = VDWarp.cpp; };
		1092856DCF1F4FB78E129C30 /* Warp.h */ = {isa = PBXFileReference; lastKnownFileType = sourcecode.c.h; path = "../../../Cinder/blocks/Cinder-Warping/include/Warp.h"; sourceTree = "<group>"; name = Warp.h; };
		3F73DBF322864A609311FB9E /* Warp.cpp */ = {isa = PBXFileReference; lastKnownFileType = sourcecode.c.cpp; path = "../../../Cinder/blocks/Cinder-Warping/src/Warp.cpp"; sourceTree = "<group>"; name = Warp.cpp; };
		AEBCA0A3279246A2B58BCCB2 /* WarpBilinear.cpp */ = {isa = PBXFileReference; lastKnownFileType = sourcecode.c.cpp; path = "../../../Cinder/blocks/Cinder-Warping/src/WarpBilinear.cpp"; sourceTree = "<group>"; name = WarpBilinear.cpp; };
		BC0D522AA7F3473DA80C38C6 /* WarpPerspective.cpp */ = {isa = PBXFileReference; lastKnownFileType = sourcecode.c.cpp; path = "../../../Cinder/blocks/Cinder-Warping/src/WarpPerspective.cpp"; sourceTree = "<group>"; name = WarpPerspective.cpp; };
		5860ACCDC2864AF5AEB2D401 /* WarpPerspectiveBilinear.cpp */ = {isa = PBXFileReference; lastKnownFileType = sourcecode.c.cpp; path = "../../../Cinder/blocks/Cinder-Warping/src/WarpPerspectiveBilinear.cpp"; sourceTree = "<group>"; name = WarpPerspectiveBilinear.cpp; };
		84C5C45FB0BC429EAAF56C4F /* WebSocketClient.cpp */ = {isa = PBXFileReference; lastKnownFileType = sourcecode.c.cpp; path = "../../../Cinder/blocks/Cinder-WebSocketPP/src/WebSocketClient.cpp"; sourceTree = "<group>"; name = WebSocketClient.cpp; };
		A3B8AC11C56C42C7ACB12227 /* WebSocketConnection.cpp */ = {isa = PBXFileReference; lastKnownFileType = sourcecode.c.cpp; path = "../../../Cinder/blocks/Cinder-WebSocketPP/src/WebSocketConnection.cpp"; sourceTree = "<group>"; name = WebSocketConnection.cpp; };
		0330FDF06E1E4EFDBDD6A460 /* WebSocketServer.cpp */ = {isa = PBXFileReference; lastKnownFileType = sourcecode.c.cpp; path = "../../../Cinder/blocks/Cinder-WebSocketPP/src/WebSocketServer.cpp"; sourceTree = "<group>"; name = WebSocketServer.cpp; };
		A01BC0F75EF745B1A167B81E /* WebSocketClient.h */ = {isa = PBXFileReference; lastKnownFileType = sourcecode.c.h; path = "../../../Cinder/blocks/Cinder-WebSocketPP/src/WebSocketClient.h"; sourceTree = "<group>"; name = WebSocketClient.h; };
		1A97EA921FD5470FBD048DD2 /* WebSocketConnection.h */ = {isa = PBXFileReference; lastKnownFileType = sourcecode.c.h; path = "../../../Cinder/blocks/Cinder-WebSocketPP/src/WebSocketConnection.h"; sourceTree = "<group>"; name = WebSocketConnection.h; };
		978204F12EB743EAAE2A69FE /* WebSocketServer.h */ = {isa = PBXFileReference; lastKnownFileType = sourcecode.c.h; path = "../../../Cinder/blocks/Cinder-WebSocketPP/src/WebSocketServer.h"; sourceTree = "<group>"; name = WebSocketServer.h; };
		E6FB07A331AE49A3BCD5FDFA /* Osc.cpp */ = {isa = PBXFileReference; lastKnownFileType = sourcecode.c.cpp; path = ../../../Cinder/blocks/OSC/src/Osc.cpp; sourceTree = "<group>"; name = Osc.cpp; };
		413233514E954DF1BA4E4DB7 /* Osc.h */ = {isa = PBXFileReference; lastKnownFileType = sourcecode.c.h; path = ../../../Cinder/blocks/OSC/src/Osc.h; sourceTree = "<group>"; name = Osc.h; };
		54653F56C75847AAB6E498DE /* QuickTime.framework */ = {isa = PBXFileReference; lastKnownFileType = wrapper.framework; path = System/Library/Frameworks/QuickTime.framework; sourceTree = SDKROOT; name = QuickTime.framework; };
/* End PBXFileReference section */

/* Begin PBXFrameworksBuildPhase section */
		8D11072E0486CEB800E47090 /* Frameworks */ = {
			isa = PBXFrameworksBuildPhase;
			buildActionMask = 2147483647;
			files = (
				006D720419952D00008149E2 /* AVFoundation.framework in Frameworks */,
				006D720519952D00008149E2 /* CoreMedia.framework in Frameworks */,
				8D11072F0486CEB800E47090 /* Cocoa.framework in Frameworks */,
				0091D8F90E81B9330029341E /* OpenGL.framework in Frameworks */,
				5323E6B20EAFCA74003A9687 /* CoreVideo.framework in Frameworks */,
				00B784B30FF439BC000DE1D7 /* Accelerate.framework in Frameworks */,
				00B784B40FF439BC000DE1D7 /* AudioToolbox.framework in Frameworks */,
				00B784B50FF439BC000DE1D7 /* AudioUnit.framework in Frameworks */,
				00B784B60FF439BC000DE1D7 /* CoreAudio.framework in Frameworks */,
				00B9955A1B128DF400A5C623 /* IOKit.framework in Frameworks */,
				00B9955B1B128DF400A5C623 /* IOSurface.framework in Frameworks */,
				702DD1FA05114252B2C0FFDF /* CoreMIDI.framework in Frameworks */,
				3A0260F2AD534B6982E2CD4C /* Syphon.framework in Frameworks */,
				52E29EC8DCCF49CB971E1476 /* QuickTime.framework in Frameworks */,
			);
			runOnlyForDeploymentPostprocessing = 0;
		};
/* End PBXFrameworksBuildPhase section */

/* Begin PBXGroup section */
		080E96DDFE201D6D7F000001 /* Source */ = {
			isa = PBXGroup;
			children = (
				1C66AFBDA156435EAF039109 /* VideodrommLiveCodingApp.cpp */,
			);
			name = Source;
			sourceTree = "<group>";
		};
		1058C7A0FEA54F0111CA2CBB /* Linked Frameworks */ = {
			isa = PBXGroup;
			children = (
				006D720219952D00008149E2 /* AVFoundation.framework */,
				006D720319952D00008149E2 /* CoreMedia.framework */,
				00B784AF0FF439BC000DE1D7 /* Accelerate.framework */,
				00B784B00FF439BC000DE1D7 /* AudioToolbox.framework */,
				00B784B10FF439BC000DE1D7 /* AudioUnit.framework */,
				00B784B20FF439BC000DE1D7 /* CoreAudio.framework */,
				5323E6B10EAFCA74003A9687 /* CoreVideo.framework */,
				0091D8F80E81B9330029341E /* OpenGL.framework */,
				1058C7A1FEA54F0111CA2CBB /* Cocoa.framework */,
				00B995581B128DF400A5C623 /* IOKit.framework */,
				00B995591B128DF400A5C623 /* IOSurface.framework */,
			);
			name = "Linked Frameworks";
			sourceTree = "<group>";
		};
		1058C7A2FEA54F0111CA2CBB /* Other Frameworks */ = {
			isa = PBXGroup;
			children = (
				29B97324FDCFA39411CA2CEA /* AppKit.framework */,
				29B97325FDCFA39411CA2CEA /* Foundation.framework */,
			);
			name = "Other Frameworks";
			sourceTree = "<group>";
		};
		19C28FACFE9D520D11CA2CBB /* Products */ = {
			isa = PBXGroup;
			children = (
				8D1107320486CEB800E47090 /* VideodrommLiveCoding.app */,
			);
			name = Products;
			sourceTree = "<group>";
		};
		29B97314FDCFA39411CA2CEA /* VideodrommLiveCoding */ = {
			isa = PBXGroup;
			children = (
				01B97315FEAEA392516A2CEA /* Blocks */,
				29B97315FDCFA39411CA2CEA /* Headers */,
				080E96DDFE201D6D7F000001 /* Source */,
				29B97317FDCFA39411CA2CEA /* Resources */,
				29B97323FDCFA39411CA2CEA /* Frameworks */,
				19C28FACFE9D520D11CA2CBB /* Products */,
			);
			name = VideodrommLiveCoding;
			sourceTree = "<group>";
		};
		23CBD3FD27D1486FB7D4B77E /* include */ = {
			isa = PBXGroup;
			children = (
				10E19B49229648C387BCF3D4 /* CinderImGui.h */,
				E3B8C641126340E0A8EAD854 /* imgui_user.h */,
				D7F15D7A9E294BEC818C9687 /* imgui_user.inl */,
			);
			name = include;
			sourceTree = "<group>";
		};
		BCA0918F28A542B9851A9F2C /* imgui */ = {
			isa = PBXGroup;
			children = (
				7EEC5E0377CF41FCAB2282D2 /* imconfig.h */,
				022425CE2CC24A9B9353C2FC /* imgui.h */,
				10291F10EDC24FDB9D8E4D91 /* imgui_internal.h */,
				3A0CEA17D5BE442FA325150D /* imgui.cpp */,
				04D27A62ABEC4EF3AAFC41B0 /* imgui_draw.cpp */,
				43054B1AF35A4988B9EB5D93 /* imgui_demo.cpp */,
			);
			name = imgui;
			sourceTree = "<group>";
		};
		BF9DF69C4D83459CA72C481E /* lib */ = {
			isa = PBXGroup;
			children = (
				BCA0918F28A542B9851A9F2C /* imgui */,
			);
			name = lib;
			sourceTree = "<group>";
		};
		2AD9FF8DE8A84A9E9962D97D /* src */ = {
			isa = PBXGroup;
			children = (
				193B53FD0D154E1DB5C29E4A /* CinderImGui.cpp */,
			);
			name = src;
			sourceTree = "<group>";
		};
		6B4F3A6A5AD7488CB172CEEF /* ImGui */ = {
			isa = PBXGroup;
			children = (
				23CBD3FD27D1486FB7D4B77E /* include */,
				BF9DF69C4D83459CA72C481E /* lib */,
				2AD9FF8DE8A84A9E9962D97D /* src */,
			);
			name = ImGui;
			sourceTree = "<group>";
		};
		F19E13D100D646FCB3350899 /* include */ = {
			isa = PBXGroup;
			children = (
				13E03C7A6E1C4D498D93A4D3 /* CinderMidi.h */,
				87BC8CD6F672455C9C709FAC /* MidiExceptions.h */,
				524249221ECC440E9504B865 /* MidiHub.h */,
				82E2A881C4864E4CAACDE8EB /* MidiOut.h */,
			);
			name = include;
			sourceTree = "<group>";
		};
		0E1A05785BF24E23BAC8E19B /* lib */ = {
			isa = PBXGroup;
			children = (
				04302CD6C1634414890C485A /* RtMidi.h */,
				1BCD5EF36B9A4FA2B65B0B56 /* RtMidi.cpp */,
			);
			name = lib;
			sourceTree = "<group>";
		};
		9F1264B044E141579CA9C6AA /* src */ = {
			isa = PBXGroup;
			children = (
				8C442EE7175347A8AA9CB392 /* MidiHub.cpp */,
				00E2268962A24DFFAC7CE03B /* CinderMidi.cpp */,
				151926BBA38A46D996DF1D2B /* MidiOut.cpp */,
			);
			name = src;
			sourceTree = "<group>";
		};
		A5D2C41B7D7D4C1DBD2B2615 /* Midi2 */ = {
			isa = PBXGroup;
			children = (
				F19E13D100D646FCB3350899 /* include */,
				0E1A05785BF24E23BAC8E19B /* lib */,
				9F1264B044E141579CA9C6AA /* src */,
			);
			name = Midi2;
			sourceTree = "<group>";
		};
		9389CAC84B8B4DD69AD085D1 /* src */ = {
			isa = PBXGroup;
			children = (
				9AB6AFEFDB914B88B4251E79 /* cinderSyphon.h */,
				55E0BE1FAE714B68A2ABF326 /* syphonClient.h */,
				0BEB32073B314B8190082AAA /* syphonServer.h */,
				B543FB00246F416D95171A75 /* syphonServerDirectory.h */,
				E242C843FC6440A5810AFE25 /* syphonClient.mm */,
				5742C448479F40E392E257A9 /* syphonServer.mm */,
				0C3EBBE4CDCB4BDABC0C8BA2 /* syphonServerDirectory.mm */,
			);
			name = src;
			sourceTree = "<group>";
		};
		370BBC8BAE8B40C7A9E3442F /* lib */ = {
			isa = PBXGroup;
			children = (
				73A045D457874B93AF407911 /* SyphonNameboundClient.h */,
				2AF85B184B1947F5AAF6C2A6 /* SyphonNameboundClient.m */,
				E4897DF74DC240EC9C1F8009 /* Syphon.framework */,
			);
			name = lib;
			sourceTree = "<group>";
		};
		832775FA160947C498CF513B /* Syphon */ = {
			isa = PBXGroup;
			children = (
				9389CAC84B8B4DD69AD085D1 /* src */,
				370BBC8BAE8B40C7A9E3442F /* lib */,
			);
			name = Syphon;
			sourceTree = "<group>";
		};
		C92EB6D1C5BF479C8D52F640 /* include */ = {
			isa = PBXGroup;
			children = (
				FB70ACB1000144A39AC07411 /* LiveParam.h */,
				F7074BF5430D40A5B4386B98 /* VDAnimation.h */,
				B4C7141031724EBDB9BD41A1 /* VDLog.h */,
				4A2233B929B0487C9FD54A78 /* VDSession.h */,
				67ED1D8CC0334C7B9A0F60C7 /* VDSettings.h */,
				3FFB30B4D47D4F05B0A6F9B5 /* VDUtils.h */,
				84944B9A4F904227BCA81357 /* Watchdog.h */,
			);
			name = include;
			sourceTree = "<group>";
		};
		ACCA57E1C6B948A895C0CAE1 /* src */ = {
			isa = PBXGroup;
			children = (
				72F7A402293F4398AE3FAB39 /* LiveParam.cpp */,
				754E0FB9D90641D7ABBA736D /* VDAnimation.cpp */,
				A8BEBD553E5644C6A0218C02 /* VDLog.cpp */,
				903694F31E8A4E9CA08F5DE6 /* VDSession.cpp */,
				9650B2F955724C4A99A3B372 /* VDSettings.cpp */,
				3AD0324BD94645E7BF6EE2BD /* VDUtils.cpp */,
			);
			name = src;
			sourceTree = "<group>";
		};
		1C4F803E1E4F40D9BE8030DD /* Videodromm */ = {
			isa = PBXGroup;
			children = (
				C92EB6D1C5BF479C8D52F640 /* include */,
				ACCA57E1C6B948A895C0CAE1 /* src */,
			);
			name = Videodromm;
			sourceTree = "<group>";
		};
		DE73EBE77A7649DCBA729C08 /* include */ = {
			isa = PBXGroup;
			children = (
				6FA858EC21D94B01AF69D19B /* VDFbo.h */,
				8B95353288AA47EC88F0DBF6 /* VDMix.h */,
				BBF2103C21614183B79FFDD4 /* VDShaders.h */,
			);
			name = include;
			sourceTree = "<group>";
		};
		5CF52332C15B4FF39705235B /* src */ = {
			isa = PBXGroup;
			children = (
				A35E4FF6D32944AFB45089B2 /* VDFbo.cpp */,
				93E1DD0D9EE2454D8EFDEF2B /* VDMix.cpp */,
				712307985213483BA6B32FD7 /* VDShaders.cpp */,
			);
			name = src;
			sourceTree = "<group>";
		};
		CB99278E536D42E199D7888F /* Videodromm-Fbos */ = {
			isa = PBXGroup;
			children = (
				DE73EBE77A7649DCBA729C08 /* include */,
				5CF52332C15B4FF39705235B /* src */,
			);
			name = "Videodromm-Fbos";
			sourceTree = "<group>";
		};
		405740F435784C829E6D01A5 /* include */ = {
			isa = PBXGroup;
			children = (
				49FD15EF2A144A2C9525F330 /* VDRouter.h */,
			);
			name = include;
			sourceTree = "<group>";
		};
		8A544014DE04461D805F0AE1 /* src */ = {
			isa = PBXGroup;
			children = (
				702061D4B4EE408F9C0CEA6A /* VDRouter.cpp */,
			);
			name = src;
			sourceTree = "<group>";
		};
		F12CAB4FB755451DA670DDBD /* Videodromm-Router */ = {
			isa = PBXGroup;
			children = (
				405740F435784C829E6D01A5 /* include */,
				8A544014DE04461D805F0AE1 /* src */,
			);
			name = "Videodromm-Router";
			sourceTree = "<group>";
		};
		B3975E14591B45098383533F /* include */ = {
			isa = PBXGroup;
			children = (
				9CE4636B4C6040DA813B502F /* VDTexture.h */,
			);
			name = include;
			sourceTree = "<group>";
		};
		104AE28137CF4F0C9D0EE403 /* src */ = {
			isa = PBXGroup;
			children = (
				7A406D41BE1F4663A3BE6D0E /* VDTexture.cpp */,
			);
			name = src;
			sourceTree = "<group>";
		};
		F6CA828BBD5E4ACBA2BFA716 /* Videodromm-Textures */ = {
			isa = PBXGroup;
			children = (
				B3975E14591B45098383533F /* include */,
				104AE28137CF4F0C9D0EE403 /* src */,
			);
			name = "Videodromm-Textures";
			sourceTree = "<group>";
		};
		780ED09F7D0D4B60929416AE /* include */ = {
			isa = PBXGroup;
			children = (
				25B5F8D65F6C4A909616163F /* VDConsole.h */,
				1E9FED805B3748D398094DDC /* VDUI.h */,
				85483DA030C044A1B0E3C931 /* VDUIAnimation.h */,
				1616F3FB3AFE4B2A96A2A74C /* VDUIAudio.h */,
				9BF80E3E655B40019E296D11 /* VDUIBlend.h */,
				CE4C01F671D8417DBAC1E2A7 /* VDUIChannels.h */,
				3F902D1884A047D9A36FDCAB /* VDUIColor.h */,
				E1B7FA7175674BA99CF17AAB /* VDUIFbos.h */,
				9C62DD5E36274DAE92DB6311 /* VDUIMidi.h */,
				1984F9D16AEC4E4A92985830 /* VDUIMouse.h */,
				2EA776E75B39407BBDBE9654 /* VDUIOsc.h */,
				F9756E0895524D0993A3E5C4 /* VDUITempo.h */,
				6EACB4ADFF4545209D37AF07 /* VDUITextures.h */,
				9C52801BDF504EB99F80B44B /* VDUIWebsockets.h */,
			);
			name = include;
			sourceTree = "<group>";
		};
		A27BEB5BB43C4AB7B28CDD6D /* src */ = {
			isa = PBXGroup;
			children = (
				DC357B34D20E488A852B7005 /* VDConsole.cpp */,
				65DC5E81566B4343BDDD5E0D /* VDUI.cpp */,
				0C9D9F58D408460381EF48DB /* VDUIAnimation.cpp */,
				AF5EBA68AC824114B60A8832 /* VDUIAudio.cpp */,
				68A9BC47CEC54D19960C0F8E /* VDUIBlend.cpp */,
				2BED1A13AEE14BB09346439F /* VDUIChannels.cpp */,
				F18250A0ABEA40FCB95E315E /* VDUIColor.cpp */,
				FB93C5D4BBDE4B52AB3CC542 /* VDUIFbos.cpp */,
				3948B53AF6FF48EAB551D9E0 /* VDUIMidi.cpp */,
				41111EF6A18146AAB53553A8 /* VDUIMouse.cpp */,
				BD2493994DC84106ADA16751 /* VDUIOsc.cpp */,
				F1A3A736777A4DF1894887BC /* VDUITempo.cpp */,
				BAFCA34D79234AEEB9054971 /* VDUITextures.cpp */,
				47CC65458C3F40BE96784DCA /* VDUIWebsockets.cpp */,
			);
			name = src;
			sourceTree = "<group>";
		};
		5B2494F7786149EEB28086C5 /* Videodromm-UI */ = {
			isa = PBXGroup;
			children = (
				780ED09F7D0D4B60929416AE /* include */,
				A27BEB5BB43C4AB7B28CDD6D /* src */,
			);
			name = "Videodromm-UI";
			sourceTree = "<group>";
		};
		7B38255FF24E489D84991E9F /* include */ = {
			isa = PBXGroup;
			children = (
				6C0686B5CBF84B66A0856996 /* VDWarp.h */,
			);
			name = include;
			sourceTree = "<group>";
		};
		3EEFDF2C19BB41D0ACE2F72A /* src */ = {
			isa = PBXGroup;
			children = (
				664DE8C115454FFCB5BD7615 /* VDWarp.cpp */,
			);
			name = src;
			sourceTree = "<group>";
		};
		38C9CC57BD3A43C3A68D9352 /* Videodromm-Warps */ = {
			isa = PBXGroup;
			children = (
				7B38255FF24E489D84991E9F /* include */,
				3EEFDF2C19BB41D0ACE2F72A /* src */,
			);
			name = "Videodromm-Warps";
			sourceTree = "<group>";
		};
		21D9EFB8E3E847C9BBAF6334 /* include */ = {
			isa = PBXGroup;
			children = (
				1092856DCF1F4FB78E129C30 /* Warp.h */,
			);
			name = include;
			sourceTree = "<group>";
		};
		6CCA08D8C92843129B84B263 /* src */ = {
			isa = PBXGroup;
			children = (
				3F73DBF322864A609311FB9E /* Warp.cpp */,
				AEBCA0A3279246A2B58BCCB2 /* WarpBilinear.cpp */,
				BC0D522AA7F3473DA80C38C6 /* WarpPerspective.cpp */,
				5860ACCDC2864AF5AEB2D401 /* WarpPerspectiveBilinear.cpp */,
			);
			name = src;
			sourceTree = "<group>";
		};
		19F8787781D34CF3B3A97C24 /* Cinder-Warping */ = {
			isa = PBXGroup;
			children = (
				21D9EFB8E3E847C9BBAF6334 /* include */,
				6CCA08D8C92843129B84B263 /* src */,
			);
			name = "Cinder-Warping";
			sourceTree = "<group>";
		};
		A8BA0B969DB746C0BBCD1DB2 /* src */ = {
			isa = PBXGroup;
			children = (
				84C5C45FB0BC429EAAF56C4F /* WebSocketClient.cpp */,
				A3B8AC11C56C42C7ACB12227 /* WebSocketConnection.cpp */,
				0330FDF06E1E4EFDBDD6A460 /* WebSocketServer.cpp */,
				A01BC0F75EF745B1A167B81E /* WebSocketClient.h */,
				1A97EA921FD5470FBD048DD2 /* WebSocketConnection.h */,
				978204F12EB743EAAE2A69FE /* WebSocketServer.h */,
			);
			name = src;
			sourceTree = "<group>";
		};
		AA3D3E8372BF491D93EB752C /* Cinder-WebSocketPP */ = {
			isa = PBXGroup;
			children = (
				A8BA0B969DB746C0BBCD1DB2 /* src */,
			);
			name = "Cinder-WebSocketPP";
			sourceTree = "<group>";
		};
		A1A8D41AA46A4784844D10F7 /* src */ = {
			isa = PBXGroup;
			children = (
				E6FB07A331AE49A3BCD5FDFA /* Osc.cpp */,
				413233514E954DF1BA4E4DB7 /* Osc.h */,
			);
			name = src;
			sourceTree = "<group>";
		};
		B489DAA339CB45D2AD317603 /* OSC */ = {
			isa = PBXGroup;
			children = (
				A1A8D41AA46A4784844D10F7 /* src */,
			);
			name = OSC;
			sourceTree = "<group>";
		};
		01B97315FEAEA392516A2CEA /* Blocks */ = {
			isa = PBXGroup;
			children = (
				6B4F3A6A5AD7488CB172CEEF /* ImGui */,
				A5D2C41B7D7D4C1DBD2B2615 /* Midi2 */,
				832775FA160947C498CF513B /* Syphon */,
				1C4F803E1E4F40D9BE8030DD /* Videodromm */,
				CB99278E536D42E199D7888F /* Videodromm-Fbos */,
				F12CAB4FB755451DA670DDBD /* Videodromm-Router */,
				F6CA828BBD5E4ACBA2BFA716 /* Videodromm-Textures */,
				5B2494F7786149EEB28086C5 /* Videodromm-UI */,
				38C9CC57BD3A43C3A68D9352 /* Videodromm-Warps */,
				19F8787781D34CF3B3A97C24 /* Cinder-Warping */,
				AA3D3E8372BF491D93EB752C /* Cinder-WebSocketPP */,
				B489DAA339CB45D2AD317603 /* OSC */,
			);
			name = Blocks;
			sourceTree = "<group>";
		};
		29B97315FDCFA39411CA2CEA /* Headers */ = {
			isa = PBXGroup;
			children = (
				B73E990871B2427BAFA07C9C /* Resources.h */,
				4F820F6C2E4E4F5BA3BC9456 /* VideodrommLiveCoding_Prefix.pch */,
			);
			name = Headers;
			sourceTree = "<group>";
		};
		29B97317FDCFA39411CA2CEA /* Resources */ = {
			isa = PBXGroup;
			children = (
				7A2BAB06748B40E0BE062012 /* CinderApp.icns */,
				24B956681F6A484B89815422 /* Info.plist */,
			);
			name = Resources;
			sourceTree = "<group>";
		};
		29B97323FDCFA39411CA2CEA /* Frameworks */ = {
			isa = PBXGroup;
			children = (
				1058C7A0FEA54F0111CA2CBB /* Linked Frameworks */,
				1058C7A2FEA54F0111CA2CBB /* Other Frameworks */,
				BD698C1FD0694E179AA4D141 /* CoreMIDI.framework */,
				54653F56C75847AAB6E498DE /* QuickTime.framework */,
			);
			name = Frameworks;
			sourceTree = "<group>";
		};
/* End PBXGroup section */

/* Begin PBXNativeTarget section */
		8D1107260486CEB800E47090 /* VideodrommLiveCoding */ = {
			isa = PBXNativeTarget;
			buildConfigurationList = C01FCF4A08A954540054247B /* Build configuration list for PBXNativeTarget "VideodrommLiveCoding" */;
			buildPhases = (
				8D1107290486CEB800E47090 /* Resources */,
				8D11072C0486CEB800E47090 /* Sources */,
				8D11072E0486CEB800E47090 /* Frameworks */,
				85F9663D4E6D4C4DB6F960DF /* CopyFiles */,
			);
			buildRules = (
			);
			dependencies = (
			);
			name = VideodrommLiveCoding;
			productInstallPath = "$(HOME)/Applications";
			productName = VideodrommLiveCoding;
			productReference = 8D1107320486CEB800E47090 /* VideodrommLiveCoding.app */;
			productType = "com.apple.product-type.application";
		};
/* End PBXNativeTarget section */

/* Begin PBXProject section */
		29B97313FDCFA39411CA2CEA /* Project object */ = {
			isa = PBXProject;
			buildConfigurationList = C01FCF4E08A954540054247B /* Build configuration list for PBXProject "VideodrommLiveCoding" */;
			compatibilityVersion = "Xcode 3.2";
			developmentRegion = English;
			hasScannedForEncodings = 1;
			knownRegions = (
				English,
				Japanese,
				French,
				German,
			);
			mainGroup = 29B97314FDCFA39411CA2CEA /* VideodrommLiveCoding */;
			projectDirPath = "";
			projectRoot = "";
			targets = (
				8D1107260486CEB800E47090 /* VideodrommLiveCoding */,
			);
		};
/* End PBXProject section */

/* Begin PBXResourcesBuildPhase section */
		8D1107290486CEB800E47090 /* Resources */ = {
			isa = PBXResourcesBuildPhase;
			buildActionMask = 2147483647;
			files = (
				8FBB4F25CDCA4C2CABA33F62 /* CinderApp.icns in Resources */,
			);
			runOnlyForDeploymentPostprocessing = 0;
		};
/* End PBXResourcesBuildPhase section */

/* Begin PBXSourcesBuildPhase section */
		8D11072C0486CEB800E47090 /* Sources */ = {
			isa = PBXSourcesBuildPhase;
			buildActionMask = 2147483647;
			files = (
				CF2DF14BA53C44BC821B4706 /* VideodrommLiveCodingApp.cpp in Sources */,
				9040B31532AC4ACFBB85D364 /* CinderImGui.cpp in Sources */,
				A55F14C2A64B40F4A99380E5 /* imgui.cpp in Sources */,
				99FBE01E1E7E41E382F2E008 /* imgui_draw.cpp in Sources */,
				2BE020E899944F6984463477 /* imgui_demo.cpp in Sources */,
				0FD002C849C74B79B0D31F17 /* RtMidi.cpp in Sources */,
				CCDA48686C434E24A205C8D0 /* MidiHub.cpp in Sources */,
				62E4FE723C6049E68DFCA0B8 /* CinderMidi.cpp in Sources */,
				43E1631BAFC04C21907BD9B4 /* MidiOut.cpp in Sources */,
				D144F07E254549E598486A08 /* syphonClient.mm in Sources */,
				E0A50F82F12E445991D9FB25 /* syphonServer.mm in Sources */,
				B5CC9F8CE201444691BE86E1 /* syphonServerDirectory.mm in Sources */,
				208E90EF7B0F4EDE84882ADB /* SyphonNameboundClient.m in Sources */,
				F38DA2F607414A8EBDB17EB0 /* LiveParam.cpp in Sources */,
				79F3AAF0638F47268A61C2DA /* VDAnimation.cpp in Sources */,
				7A4C5724853341738AA55DEA /* VDLog.cpp in Sources */,
				CCA6025E02724E12920DE52F /* VDSession.cpp in Sources */,
				A319FBE2E32D487FA7360CCD /* VDSettings.cpp in Sources */,
				C4DDE79A091F4371A0BD705A /* VDUtils.cpp in Sources */,
				7C0F4813CD8445518EFBBCA2 /* VDFbo.cpp in Sources */,
				9629B4363AB54E7192522BCE /* VDMix.cpp in Sources */,
				6468E7BC13F34C4D80483C94 /* VDShaders.cpp in Sources */,
				7A5B948759524DB98C851957 /* VDRouter.cpp in Sources */,
				05F3515EDA89483098D4F292 /* VDTexture.cpp in Sources */,
				39743B39A2F94EE09D7A62B3 /* VDConsole.cpp in Sources */,
				8D449BA883BF48FD8B0B27E7 /* VDUI.cpp in Sources */,
				644F344D4F3A433D96CC1540 /* VDUIAnimation.cpp in Sources */,
				B25B056F436D4ADF9F9CB0E2 /* VDUIAudio.cpp in Sources */,
				3A08277E2B4A4E1D8C5E7455 /* VDUIBlend.cpp in Sources */,
				8DE88FBEB5D642BF889CDEAE /* VDUIChannels.cpp in Sources */,
				3A4EE29AE2C14480BAAE9733 /* VDUIColor.cpp in Sources */,
				9C17E76148C240F7A10DF29B /* VDUIFbos.cpp in Sources */,
				557FF35C3855429C9241EEE8 /* VDUIMidi.cpp in Sources */,
				D288E8ECC21F447BB952EEFF /* VDUIMouse.cpp in Sources */,
				125BAD0FA3234BE1BCC4BCD5 /* VDUIOsc.cpp in Sources */,
				DED2986EDB7B45A4B8642D95 /* VDUITempo.cpp in Sources */,
				13F50184A9C048D3AE2E4406 /* VDUITextures.cpp in Sources */,
				F6F0E8C255284E41805B90F2 /* VDUIWebsockets.cpp in Sources */,
				2169DC5A29E44F5BB88909E0 /* VDWarp.cpp in Sources */,
				57114B96B2FD4919BD7D25F6 /* Warp.cpp in Sources */,
				8172192B9D8B4F0E8CDB7E57 /* WarpBilinear.cpp in Sources */,
				5F8B7E596AFA4A9AAC5A4711 /* WarpPerspective.cpp in Sources */,
				2E9682F356C94A3C8CDCE429 /* WarpPerspectiveBilinear.cpp in Sources */,
				070BD30F32074EEB80156C65 /* WebSocketClient.cpp in Sources */,
				6796CE36C7C44FA3999DADA1 /* WebSocketConnection.cpp in Sources */,
				52EA2C478E4B42A68D90BA42 /* WebSocketServer.cpp in Sources */,
				17964752E68B40D3956EE1D5 /* Osc.cpp in Sources */,
			);
			runOnlyForDeploymentPostprocessing = 0;
		};
/* End PBXSourcesBuildPhase section */

/* Begin XCBuildConfiguration section */
		C01FCF4B08A954540054247B /* Debug */ = {
			isa = XCBuildConfiguration;
			buildSettings = {
				COMBINE_HIDPI_IMAGES = YES;
				DEAD_CODE_STRIPPING = YES;
				COPY_PHASE_STRIP = NO;
				GCC_DYNAMIC_NO_PIC = NO;
				GCC_INLINES_ARE_PRIVATE_EXTERN = YES;
				GCC_OPTIMIZATION_LEVEL = 0;
				GCC_PREPROCESSOR_DEFINITIONS = (
					"DEBUG=1",
					"$(inherited)",
				);
				GCC_PRECOMPILE_PREFIX_HEADER = YES;
				GCC_PREFIX_HEADER = VideodrommLiveCoding_Prefix.pch;
				GCC_SYMBOLS_PRIVATE_EXTERN = NO;
				INFOPLIST_FILE = Info.plist;
				INSTALL_PATH = "$(HOME)/Applications";
				OTHER_LDFLAGS = "\"$(CINDER_PATH)/lib/libcinder_d.a\"";
				PRODUCT_BUNDLE_IDENTIFIER = "org.libcinder.${PRODUCT_NAME:rfc1034identifier}";
				PRODUCT_NAME = VideodrommLiveCoding;
				SYMROOT = ./build;
				WRAPPER_EXTENSION = app;
				FRAMEWORK_SEARCH_PATHS = (
					"\"../../../Cinder/blocks/Cinder-Syphon/lib\"",
				);
			};
			name = Debug;
		};
		C01FCF4C08A954540054247B /* Release */ = {
			isa = XCBuildConfiguration;
			buildSettings = {
				COMBINE_HIDPI_IMAGES = YES;
				DEAD_CODE_STRIPPING = YES;
				DEBUG_INFORMATION_FORMAT = "dwarf-with-dsym";
				GCC_FAST_MATH = YES;
				GCC_GENERATE_DEBUGGING_SYMBOLS = NO;
				GCC_INLINES_ARE_PRIVATE_EXTERN = YES;
				GCC_OPTIMIZATION_LEVEL = 3;
				GCC_PREPROCESSOR_DEFINITIONS = (
					"NDEBUG=1",
					"$(inherited)",
				);
				GCC_PRECOMPILE_PREFIX_HEADER = YES;
				GCC_PREFIX_HEADER = VideodrommLiveCoding_Prefix.pch;
				GCC_SYMBOLS_PRIVATE_EXTERN = NO;
				INFOPLIST_FILE = Info.plist;
				INSTALL_PATH = "$(HOME)/Applications";
				OTHER_LDFLAGS = "\"$(CINDER_PATH)/lib/libcinder.a\"";
				PRODUCT_BUNDLE_IDENTIFIER = "org.libcinder.${PRODUCT_NAME:rfc1034identifier}";
				PRODUCT_NAME = VideodrommLiveCoding;
				STRIP_INSTALLED_PRODUCT = YES;
				SYMROOT = ./build;
				WRAPPER_EXTENSION = app;
				FRAMEWORK_SEARCH_PATHS = (
					"\"../../../Cinder/blocks/Cinder-Syphon/lib\"",
				);
			};
			name = Release;
		};
		C01FCF4F08A954540054247B /* Debug */ = {
			isa = XCBuildConfiguration;
			buildSettings = {
				ALWAYS_SEARCH_USER_PATHS = NO;
				CINDER_PATH = "../../../Cinder";
				CLANG_CXX_LANGUAGE_STANDARD = "c++11";
				CLANG_CXX_LIBRARY = "libc++";
				ENABLE_TESTABILITY = YES;
				GCC_WARN_ABOUT_RETURN_TYPE = YES;
				GCC_WARN_UNUSED_VARIABLE = YES;
				HEADER_SEARCH_PATHS = (
					"\"$(CINDER_PATH)/include\"",
					"\"../../../Cinder/blocks/Cinder-WebSocketPP/src\"",
				);
				MACOSX_DEPLOYMENT_TARGET = 10.8;
				ONLY_ACTIVE_ARCH = YES;
				SDKROOT = macosx;
				USER_HEADER_SEARCH_PATHS = (
					"\"$(CINDER_PATH)/include\" ../include",
					"\"../../../Cinder/blocks/Cinder-ImGui/lib/imgui\"",
					"\"../../../Cinder/blocks/Cinder-ImGui/include\"",
					"\"../../../Cinder/blocks/Cinder-MIDI2/include\"",
					"\"../../../Cinder/blocks/Cinder-MIDI2/lib\"",
					"\"../../../Cinder/blocks/Cinder-MIDI2/src\"",
					"\"../../../Cinder/blocks/Cinder-Videodromm/include\"",
					"\"../../../Cinder/blocks/Cinder-Videodromm/src\"",
					"\"../../../Cinder/blocks/Cinder-Videodromm-Fbos/include\"",
					"\"../../../Cinder/blocks/Cinder-Videodromm-Fbos/src\"",
					"\"../../../Cinder/blocks/Cinder-Videodromm-Router/include\"",
					"\"../../../Cinder/blocks/Cinder-Videodromm-Router/src\"",
					"\"../../../Cinder/blocks/Cinder-Videodromm-Textures/include\"",
					"\"../../../Cinder/blocks/Cinder-Videodromm-Textures/src\"",
					"\"../../../Cinder/blocks/Cinder-Videodromm-UI/include\"",
					"\"../../../Cinder/blocks/Cinder-Videodromm-UI/src\"",
					"\"../../../Cinder/blocks/Cinder-Videodromm-Warps/include\"",
					"\"../../../Cinder/blocks/Cinder-Videodromm-Warps/src\"",
					"\"../../../Cinder/blocks/Cinder-Warping/include\"",
					../../../Cinder/include/asio,
					../../../Cinder/blocks/OSC/src,
					../../../Cinder/blocks/QuickTime/include,
				);
			};
			name = Debug;
		};
		C01FCF5008A954540054247B /* Release */ = {
			isa = XCBuildConfiguration;
			buildSettings = {
				ALWAYS_SEARCH_USER_PATHS = NO;
				CINDER_PATH = "../../../Cinder";
				CLANG_CXX_LANGUAGE_STANDARD = "c++11";
				CLANG_CXX_LIBRARY = "libc++";
				GCC_WARN_ABOUT_RETURN_TYPE = YES;
				GCC_WARN_UNUSED_VARIABLE = YES;
				HEADER_SEARCH_PATHS = (
					"\"$(CINDER_PATH)/include\"",
					"\"../../../Cinder/blocks/Cinder-WebSocketPP/src\"",
				);
				MACOSX_DEPLOYMENT_TARGET = 10.8;
				SDKROOT = macosx;
				USER_HEADER_SEARCH_PATHS = (
					"\"$(CINDER_PATH)/include\" ../include",
					"\"../../../Cinder/blocks/Cinder-ImGui/lib/imgui\"",
					"\"../../../Cinder/blocks/Cinder-ImGui/include\"",
					"\"../../../Cinder/blocks/Cinder-MIDI2/include\"",
					"\"../../../Cinder/blocks/Cinder-MIDI2/lib\"",
					"\"../../../Cinder/blocks/Cinder-MIDI2/src\"",
					"\"../../../Cinder/blocks/Cinder-Videodromm/include\"",
					"\"../../../Cinder/blocks/Cinder-Videodromm/src\"",
					"\"../../../Cinder/blocks/Cinder-Videodromm-Fbos/include\"",
					"\"../../../Cinder/blocks/Cinder-Videodromm-Fbos/src\"",
					"\"../../../Cinder/blocks/Cinder-Videodromm-Router/include\"",
					"\"../../../Cinder/blocks/Cinder-Videodromm-Router/src\"",
					"\"../../../Cinder/blocks/Cinder-Videodromm-Textures/include\"",
					"\"../../../Cinder/blocks/Cinder-Videodromm-Textures/src\"",
					"\"../../../Cinder/blocks/Cinder-Videodromm-UI/include\"",
					"\"../../../Cinder/blocks/Cinder-Videodromm-UI/src\"",
					"\"../../../Cinder/blocks/Cinder-Videodromm-Warps/include\"",
					"\"../../../Cinder/blocks/Cinder-Videodromm-Warps/src\"",
					"\"../../../Cinder/blocks/Cinder-Warping/include\"",
					../../../Cinder/include/asio,
					../../../Cinder/blocks/OSC/src,
					../../../Cinder/blocks/QuickTime/include,
				);
			};
			name = Release;
		};
/* End XCBuildConfiguration section */

/* Begin XCConfigurationList section */
		C01FCF4A08A954540054247B /* Build configuration list for PBXNativeTarget "VideodrommLiveCoding" */ = {
			isa = XCConfigurationList;
			buildConfigurations = (
				C01FCF4B08A954540054247B /* Debug */,
				C01FCF4C08A954540054247B /* Release */,
			);
			defaultConfigurationIsVisible = 0;
			defaultConfigurationName = Release;
		};
		C01FCF4E08A954540054247B /* Build configuration list for PBXProject "VideodrommLiveCoding" */ = {
			isa = XCConfigurationList;
			buildConfigurations = (
				C01FCF4F08A954540054247B /* Debug */,
				C01FCF5008A954540054247B /* Release */,
			);
			defaultConfigurationIsVisible = 0;
			defaultConfigurationName = Release;
		};
/* End XCConfigurationList section */
		85F9663D4E6D4C4DB6F960DF /* Copy Files */ = {
			isa = PBXCopyFilesBuildPhase;
			buildActionMask = 2147483647;
			dstPath = "";
			dstSubfolderSpec = 10;
			files = (
				78F15C631D1D4CC19B05FF73 /* Syphon.framework in CopyFiles */,
			);
			runOnlyForDeploymentPostprocessing = 0;
		};
	};
	rootObject = 29B97313FDCFA39411CA2CEA /* Project object */;
}
