// !$*UTF8*$!
{
	archiveVersion = 1;
	classes = {
	};
	objectVersion = 46;
	objects = {

/* Begin PBXBuildFile section */
		006D720419952D00008149E2 /* AVFoundation.framework in Frameworks */ = {isa = PBXBuildFile; fileRef = 006D720219952D00008149E2 /* AVFoundation.framework */; };
		006D720519952D00008149E2 /* CoreMedia.framework in Frameworks */ = {isa = PBXBuildFile; fileRef = 006D720319952D00008149E2 /* CoreMedia.framework */; };
		0091D8F90E81B9330029341E /* OpenGL.framework in Frameworks */ = {isa = PBXBuildFile; fileRef = 0091D8F80E81B9330029341E /* OpenGL.framework */; };
		00B784B30FF439BC000DE1D7 /* Accelerate.framework in Frameworks */ = {isa = PBXBuildFile; fileRef = 00B784AF0FF439BC000DE1D7 /* Accelerate.framework */; };
		00B784B40FF439BC000DE1D7 /* AudioToolbox.framework in Frameworks */ = {isa = PBXBuildFile; fileRef = 00B784B00FF439BC000DE1D7 /* AudioToolbox.framework */; };
		00B784B50FF439BC000DE1D7 /* AudioUnit.framework in Frameworks */ = {isa = PBXBuildFile; fileRef = 00B784B10FF439BC000DE1D7 /* AudioUnit.framework */; };
		00B784B60FF439BC000DE1D7 /* CoreAudio.framework in Frameworks */ = {isa = PBXBuildFile; fileRef = 00B784B20FF439BC000DE1D7 /* CoreAudio.framework */; };
		00B9955A1B128DF400A5C623 /* IOKit.framework in Frameworks */ = {isa = PBXBuildFile; fileRef = 00B995581B128DF400A5C623 /* IOKit.framework */; };
		00B9955B1B128DF400A5C623 /* IOSurface.framework in Frameworks */ = {isa = PBXBuildFile; fileRef = 00B995591B128DF400A5C623 /* IOSurface.framework */; };
		11698EFB51034EB3ACA5312E /* Warp.cpp in Sources */ = {isa = PBXBuildFile; fileRef = 0ACA8263339F41228263AD93 /* Warp.cpp */; };
		1706BE49FE72482EA67A3565 /* VDUIWebsockets.cpp in Sources */ = {isa = PBXBuildFile; fileRef = 03F6AADE8BBE4A0C94949265 /* VDUIWebsockets.cpp */; };
		19265787D4334F76A68B20C8 /* VDTexture.cpp in Sources */ = {isa = PBXBuildFile; fileRef = 4C0DE0243C2C481A85281EA7 /* VDTexture.cpp */; };
		19DED618D10C4EF6B572C9E6 /* CoreMIDI.framework in Frameworks */ = {isa = PBXBuildFile; fileRef = 0C10C9693FFE4A20AD87C54E /* CoreMIDI.framework */; };
		1DDC1F771AE142629B42A1E0 /* WarpPerspective.cpp in Sources */ = {isa = PBXBuildFile; fileRef = 259DFBD356864DA7828B7703 /* WarpPerspective.cpp */; };
		258402BE88724F95BF9E1035 /* VDUIOsc.cpp in Sources */ = {isa = PBXBuildFile; fileRef = CBECBFB098F24D94BF592A60 /* VDUIOsc.cpp */; };
		28548DD122994DADB02DDCE4 /* VDSession.cpp in Sources */ = {isa = PBXBuildFile; fileRef = 243E3883E19542FCB2A7D68E /* VDSession.cpp */; };
		32DBD4231D70423F0097BD53 /* Osc.cpp in Sources */ = {isa = PBXBuildFile; fileRef = 32DBD4211D70423F0097BD53 /* Osc.cpp */; };
		3641CB301BBA428C958C7160 /* VDUIBlend.cpp in Sources */ = {isa = PBXBuildFile; fileRef = BF6816343CF041118B00940D /* VDUIBlend.cpp */; };
		3C06C2AD45A0454FBB898DB9 /* VDAnimation.cpp in Sources */ = {isa = PBXBuildFile; fileRef = 9959E37074E34E148311B64A /* VDAnimation.cpp */; };
		3C91BBF07EAB47FBA71DEA95 /* VDConsole.cpp in Sources */ = {isa = PBXBuildFile; fileRef = 1C0C159E15344D56956B7BDE /* VDConsole.cpp */; };
		4888311ECDB24FDC8B9B6B3B /* VideodrommLiveCodingApp.cpp in Sources */ = {isa = PBXBuildFile; fileRef = E1DA35C1F11A4045B8DA208B /* VideodrommLiveCodingApp.cpp */; };
		4F4B1CDDEAB64C509E752706 /* WebSocketServer.cpp in Sources */ = {isa = PBXBuildFile; fileRef = A694C0AA768A4634BEE1AB67 /* WebSocketServer.cpp */; };
		5323E6B20EAFCA74003A9687 /* CoreVideo.framework in Frameworks */ = {isa = PBXBuildFile; fileRef = 5323E6B10EAFCA74003A9687 /* CoreVideo.framework */; };
		58F67F09F6514B7CABBE4327 /* VDSettings.cpp in Sources */ = {isa = PBXBuildFile; fileRef = 16A939E97122418AB4A33C55 /* VDSettings.cpp */; };
		5D1DC23530994E7FBABB5E16 /* WarpBilinear.cpp in Sources */ = {isa = PBXBuildFile; fileRef = D36BD32B662C41D890D0259F /* WarpBilinear.cpp */; };
		6152B00604C54D478B59B992 /* WebSocketConnection.cpp in Sources */ = {isa = PBXBuildFile; fileRef = 6B4B31663AB74B64A1DC256B /* WebSocketConnection.cpp */; };
		61A6C3C2B85F41969EC258B5 /* VDUIAudio.cpp in Sources */ = {isa = PBXBuildFile; fileRef = E5CBFA17C61049AF849218A7 /* VDUIAudio.cpp */; };
		671366DCD097484A99A5C7E4 /* CinderApp.icns in Resources */ = {isa = PBXBuildFile; fileRef = 9ADEFCD7E57A472CA307AD02 /* CinderApp.icns */; };
		78285E980BEC410A891E98F1 /* VDUITempo.cpp in Sources */ = {isa = PBXBuildFile; fileRef = 8630E5EE014E4420BCCEC305 /* VDUITempo.cpp */; };
		805C557BAC2446B080B48554 /* VDUIShaders.cpp in Sources */ = {isa = PBXBuildFile; fileRef = 0A615C75EE124C73826BD07D /* VDUIShaders.cpp */; };
		80888883E52F4809AF10EC03 /* Syphon.framework in CopyFiles */ = {isa = PBXBuildFile; fileRef = 35111AB5195A4112B573E846 /* Syphon.framework */; };
		81CB4D14D1B344C188F912C9 /* WarpPerspectiveBilinear.cpp in Sources */ = {isa = PBXBuildFile; fileRef = 0A7A08F7610F4AF3B3B5AB50 /* WarpPerspectiveBilinear.cpp */; };
		821F21D86C1B48B6AE2714E9 /* imgui.cpp in Sources */ = {isa = PBXBuildFile; fileRef = 5C201B54335B4D5F91E7C80D /* imgui.cpp */; };
		8D11072F0486CEB800E47090 /* Cocoa.framework in Frameworks */ = {isa = PBXBuildFile; fileRef = 1058C7A1FEA54F0111CA2CBB /* Cocoa.framework */; };
		8F19A1C1E2614B5390A52FE7 /* VDUIMidi.cpp in Sources */ = {isa = PBXBuildFile; fileRef = 3A3D9ADCF1C2406FBE8E0EE2 /* VDUIMidi.cpp */; };
		90B731FD63B3408B8517A6A8 /* VDUIColor.cpp in Sources */ = {isa = PBXBuildFile; fileRef = 69AA720C5626402E83BFAEFE /* VDUIColor.cpp */; };
		968DAED2161348B79F75B584 /* imgui_draw.cpp in Sources */ = {isa = PBXBuildFile; fileRef = CBE01981D03C403D8F9F9806 /* imgui_draw.cpp */; };
		96DD231B88D54DD69B4865AF /* imgui_demo.cpp in Sources */ = {isa = PBXBuildFile; fileRef = 4E036C9397B64B0693ADCF7D /* imgui_demo.cpp */; };
		9B1505419E304C529884771D /* VDUI.cpp in Sources */ = {isa = PBXBuildFile; fileRef = F01C0D0464D3453887F693EA /* VDUI.cpp */; };
		9D948FF607C7426BAC6637DC /* VDUIChannels.cpp in Sources */ = {isa = PBXBuildFile; fileRef = F8A00686D780419FA593B03B /* VDUIChannels.cpp */; };
		A5F80F6E0CA942708DDE9A05 /* WebSocketClient.cpp in Sources */ = {isa = PBXBuildFile; fileRef = FCDF848D54AC4C2AA74576A4 /* WebSocketClient.cpp */; };
		A734F90492334E26A6D90F84 /* VDShader.cpp in Sources */ = {isa = PBXBuildFile; fileRef = 223765D951FA4479AAE00AD9 /* VDShader.cpp */; };
		ACE8AA09D66D4DD7B373CE17 /* SyphonNameboundClient.m in Sources */ = {isa = PBXBuildFile; fileRef = ABF97B7B7493495889324193 /* SyphonNameboundClient.m */; };
		AD25FD3F8674409CBEC9D5C5 /* VDUIFbos.cpp in Sources */ = {isa = PBXBuildFile; fileRef = E4B55D5C11F64198979FF675 /* VDUIFbos.cpp */; };
		AE8651936707445296362BDF /* VDUITextures.cpp in Sources */ = {isa = PBXBuildFile; fileRef = 6D87990DCAD44D85854A0136 /* VDUITextures.cpp */; };
		B6BEC8AB3EAC49E38F47107C /* Syphon.framework in Frameworks */ = {isa = PBXBuildFile; fileRef = 35111AB5195A4112B573E846 /* Syphon.framework */; };
		B9F0A8FFEC14429AA56690E4 /* syphonServer.mm in Sources */ = {isa = PBXBuildFile; fileRef = 3D234D273BE74CFC93866037 /* syphonServer.mm */; };
		C1394FA8500F487E930FE149 /* VDUtils.cpp in Sources */ = {isa = PBXBuildFile; fileRef = C609F06E3EF646408D9DF570 /* VDUtils.cpp */; };
		C40298A06D474BD481ECD38A /* VDMix.cpp in Sources */ = {isa = PBXBuildFile; fileRef = 27133F4DB3CD48C68A895AF7 /* VDMix.cpp */; };
		C706346DD6684A55B3F6BF40 /* VDUIAnimation.cpp in Sources */ = {isa = PBXBuildFile; fileRef = C3781963EE9A444FBB5D3D36 /* VDUIAnimation.cpp */; };
		D1ACF8B6A91C4DDEBAFACE6A /* VDRouter.cpp in Sources */ = {isa = PBXBuildFile; fileRef = CB43EC2F747D4F689ADC1ED9 /* VDRouter.cpp */; };
		D568CECE56F14ABE9A268021 /* VDLog.cpp in Sources */ = {isa = PBXBuildFile; fileRef = 37B436745AC944F1899DDFFF /* VDLog.cpp */; };
		D6EB2F5B698A444CA6443292 /* syphonClient.mm in Sources */ = {isa = PBXBuildFile; fileRef = 85A21510FF28454DBC0B28F7 /* syphonClient.mm */; };
		D94F612771F34011BF590FF1 /* syphonServerDirectory.mm in Sources */ = {isa = PBXBuildFile; fileRef = 93C91E0AC2D8418CBC0C6227 /* syphonServerDirectory.mm */; };
		DF2DCEC22CC1467B9DC06832 /* CinderImGui.cpp in Sources */ = {isa = PBXBuildFile; fileRef = 197AF6C5EFD34980931B47E9 /* CinderImGui.cpp */; };
		E097D76793C74F9882E45770 /* LiveParam.cpp in Sources */ = {isa = PBXBuildFile; fileRef = 425FC05D7221426DB928CCF3 /* LiveParam.cpp */; };
		E4252BCEFB3D453AABB04CF6 /* VDFbo.cpp in Sources */ = {isa = PBXBuildFile; fileRef = 3D633ED5FB16429DB5C6DB2D /* VDFbo.cpp */; };
		EB8FBCE40A8C4E46B3E4E3F4 /* VDUIMouse.cpp in Sources */ = {isa = PBXBuildFile; fileRef = 2C9E8E9635B34AAEB12EE5C1 /* VDUIMouse.cpp */; };
		FACD6B61678641379A4A9F2C /* QuickTime.framework in Frameworks */ = {isa = PBXBuildFile; fileRef = 94AAE49A0BC94DA0ADC161DA /* QuickTime.framework */; };
/* End PBXBuildFile section */

/* Begin PBXCopyFilesBuildPhase section */
		4806101E1ECB4BF1AE9B137C /* CopyFiles */ = {
			isa = PBXCopyFilesBuildPhase;
			buildActionMask = 2147483647;
			dstPath = "";
			dstSubfolderSpec = 10;
			files = (
				80888883E52F4809AF10EC03 /* Syphon.framework in CopyFiles */,
			);
			runOnlyForDeploymentPostprocessing = 0;
		};
/* End PBXCopyFilesBuildPhase section */

/* Begin PBXFileReference section */
		006D720219952D00008149E2 /* AVFoundation.framework */ = {isa = PBXFileReference; lastKnownFileType = wrapper.framework; name = AVFoundation.framework; path = System/Library/Frameworks/AVFoundation.framework; sourceTree = SDKROOT; };
		006D720319952D00008149E2 /* CoreMedia.framework */ = {isa = PBXFileReference; lastKnownFileType = wrapper.framework; name = CoreMedia.framework; path = System/Library/Frameworks/CoreMedia.framework; sourceTree = SDKROOT; };
		0091D8F80E81B9330029341E /* OpenGL.framework */ = {isa = PBXFileReference; lastKnownFileType = wrapper.framework; name = OpenGL.framework; path = /System/Library/Frameworks/OpenGL.framework; sourceTree = "<absolute>"; };
		00B784AF0FF439BC000DE1D7 /* Accelerate.framework */ = {isa = PBXFileReference; lastKnownFileType = wrapper.framework; name = Accelerate.framework; path = System/Library/Frameworks/Accelerate.framework; sourceTree = SDKROOT; };
		00B784B00FF439BC000DE1D7 /* AudioToolbox.framework */ = {isa = PBXFileReference; lastKnownFileType = wrapper.framework; name = AudioToolbox.framework; path = System/Library/Frameworks/AudioToolbox.framework; sourceTree = SDKROOT; };
		00B784B10FF439BC000DE1D7 /* AudioUnit.framework */ = {isa = PBXFileReference; lastKnownFileType = wrapper.framework; name = AudioUnit.framework; path = System/Library/Frameworks/AudioUnit.framework; sourceTree = SDKROOT; };
		00B784B20FF439BC000DE1D7 /* CoreAudio.framework */ = {isa = PBXFileReference; lastKnownFileType = wrapper.framework; name = CoreAudio.framework; path = System/Library/Frameworks/CoreAudio.framework; sourceTree = SDKROOT; };
		00B995581B128DF400A5C623 /* IOKit.framework */ = {isa = PBXFileReference; lastKnownFileType = wrapper.framework; name = IOKit.framework; path = System/Library/Frameworks/IOKit.framework; sourceTree = SDKROOT; };
		00B995591B128DF400A5C623 /* IOSurface.framework */ = {isa = PBXFileReference; lastKnownFileType = wrapper.framework; name = IOSurface.framework; path = System/Library/Frameworks/IOSurface.framework; sourceTree = SDKROOT; };
		03F6AADE8BBE4A0C94949265 /* VDUIWebsockets.cpp */ = {isa = PBXFileReference; lastKnownFileType = sourcecode.c.cpp; name = VDUIWebsockets.cpp; path = "../../../Cinder/blocks/Cinder-Videodromm/src/VDUIWebsockets.cpp"; sourceTree = "<group>"; };
		084255D875CB432E8F49F568 /* Watchdog.h */ = {isa = PBXFileReference; lastKnownFileType = sourcecode.c.h; name = Watchdog.h; path = "../../../Cinder/blocks/Cinder-Videodromm/include/Watchdog.h"; sourceTree = "<group>"; };
		0A615C75EE124C73826BD07D /* VDUIShaders.cpp */ = {isa = PBXFileReference; lastKnownFileType = sourcecode.c.cpp; name = VDUIShaders.cpp; path = "../../../Cinder/blocks/Cinder-Videodromm/src/VDUIShaders.cpp"; sourceTree = "<group>"; };
		0A7A08F7610F4AF3B3B5AB50 /* WarpPerspectiveBilinear.cpp */ = {isa = PBXFileReference; lastKnownFileType = sourcecode.c.cpp; name = WarpPerspectiveBilinear.cpp; path = "../../../Cinder/blocks/Cinder-Warping/src/WarpPerspectiveBilinear.cpp"; sourceTree = "<group>"; };
		0ACA8263339F41228263AD93 /* Warp.cpp */ = {isa = PBXFileReference; lastKnownFileType = sourcecode.c.cpp; name = Warp.cpp; path = "../../../Cinder/blocks/Cinder-Warping/src/Warp.cpp"; sourceTree = "<group>"; };
		0C10C9693FFE4A20AD87C54E /* CoreMIDI.framework */ = {isa = PBXFileReference; lastKnownFileType = wrapper.framework; name = CoreMIDI.framework; path = System/Library/Frameworks/CoreMIDI.framework; sourceTree = SDKROOT; };
		1058C7A1FEA54F0111CA2CBB /* Cocoa.framework */ = {isa = PBXFileReference; lastKnownFileType = wrapper.framework; name = Cocoa.framework; path = /System/Library/Frameworks/Cocoa.framework; sourceTree = "<absolute>"; };
		11FF30CAE3B5437F9B1986AD /* VDUI.h */ = {isa = PBXFileReference; lastKnownFileType = sourcecode.c.h; name = VDUI.h; path = "../../../Cinder/blocks/Cinder-Videodromm/include/VDUI.h"; sourceTree = "<group>"; };
		16A939E97122418AB4A33C55 /* VDSettings.cpp */ = {isa = PBXFileReference; lastKnownFileType = sourcecode.c.cpp; name = VDSettings.cpp; path = "../../../Cinder/blocks/Cinder-Videodromm/src/VDSettings.cpp"; sourceTree = "<group>"; };
		196900F130E540A4B4E30723 /* VDUIChannels.h */ = {isa = PBXFileReference; lastKnownFileType = sourcecode.c.h; name = VDUIChannels.h; path = "../../../Cinder/blocks/Cinder-Videodromm/include/VDUIChannels.h"; sourceTree = "<group>"; };
		197AF6C5EFD34980931B47E9 /* CinderImGui.cpp */ = {isa = PBXFileReference; lastKnownFileType = sourcecode.c.cpp; name = CinderImGui.cpp; path = "../../../Cinder/blocks/Cinder-ImGui/src/CinderImGui.cpp"; sourceTree = "<group>"; };
		1C0C159E15344D56956B7BDE /* VDConsole.cpp */ = {isa = PBXFileReference; lastKnownFileType = sourcecode.c.cpp; name = VDConsole.cpp; path = "../../../Cinder/blocks/Cinder-Videodromm/src/VDConsole.cpp"; sourceTree = "<group>"; };
		20E7BFF78268437E9172B669 /* VDFbo.h */ = {isa = PBXFileReference; lastKnownFileType = sourcecode.c.h; name = VDFbo.h; path = "../../../Cinder/blocks/Cinder-Videodromm/include/VDFbo.h"; sourceTree = "<group>"; };
		223765D951FA4479AAE00AD9 /* VDShader.cpp */ = {isa = PBXFileReference; lastKnownFileType = sourcecode.c.cpp; name = VDShader.cpp; path = "../../../Cinder/blocks/Cinder-Videodromm/src/VDShader.cpp"; sourceTree = "<group>"; };
		243E3883E19542FCB2A7D68E /* VDSession.cpp */ = {isa = PBXFileReference; lastKnownFileType = sourcecode.c.cpp; name = VDSession.cpp; path = "../../../Cinder/blocks/Cinder-Videodromm/src/VDSession.cpp"; sourceTree = "<group>"; };
		259DFBD356864DA7828B7703 /* WarpPerspective.cpp */ = {isa = PBXFileReference; lastKnownFileType = sourcecode.c.cpp; name = WarpPerspective.cpp; path = "../../../Cinder/blocks/Cinder-Warping/src/WarpPerspective.cpp"; sourceTree = "<group>"; };
		27133F4DB3CD48C68A895AF7 /* VDMix.cpp */ = {isa = PBXFileReference; lastKnownFileType = sourcecode.c.cpp; name = VDMix.cpp; path = "../../../Cinder/blocks/Cinder-Videodromm/src/VDMix.cpp"; sourceTree = "<group>"; };
		29B97324FDCFA39411CA2CEA /* AppKit.framework */ = {isa = PBXFileReference; lastKnownFileType = wrapper.framework; name = AppKit.framework; path = /System/Library/Frameworks/AppKit.framework; sourceTree = "<absolute>"; };
		29B97325FDCFA39411CA2CEA /* Foundation.framework */ = {isa = PBXFileReference; lastKnownFileType = wrapper.framework; name = Foundation.framework; path = /System/Library/Frameworks/Foundation.framework; sourceTree = "<absolute>"; };
		2C9E8E9635B34AAEB12EE5C1 /* VDUIMouse.cpp */ = {isa = PBXFileReference; lastKnownFileType = sourcecode.c.cpp; name = VDUIMouse.cpp; path = "../../../Cinder/blocks/Cinder-Videodromm/src/VDUIMouse.cpp"; sourceTree = "<group>"; };
		2F7B4768E0B741D8B43F1BAD /* VDUIMouse.h */ = {isa = PBXFileReference; lastKnownFileType = sourcecode.c.h; name = VDUIMouse.h; path = "../../../Cinder/blocks/Cinder-Videodromm/include/VDUIMouse.h"; sourceTree = "<group>"; };
		3000A9066818408C9C8F3AEB /* WebSocketConnection.h */ = {isa = PBXFileReference; lastKnownFileType = sourcecode.c.h; name = WebSocketConnection.h; path = "../../../Cinder/blocks/Cinder-WebSocketPP/src/WebSocketConnection.h"; sourceTree = "<group>"; };
		308E7E565C8C4066B5FF4BDB /* LiveParam.h */ = {isa = PBXFileReference; lastKnownFileType = sourcecode.c.h; name = LiveParam.h; path = "../../../Cinder/blocks/Cinder-Videodromm/include/LiveParam.h"; sourceTree = "<group>"; };
		32DBD4211D70423F0097BD53 /* Osc.cpp */ = {isa = PBXFileReference; fileEncoding = 4; lastKnownFileType = sourcecode.cpp.cpp; name = Osc.cpp; path = ../../../Cinder/blocks/OSC/src/cinder/osc/Osc.cpp; sourceTree = "<group>"; };
		32DBD4221D70423F0097BD53 /* Osc.h */ = {isa = PBXFileReference; fileEncoding = 4; lastKnownFileType = sourcecode.c.h; name = Osc.h; path = ../../../Cinder/blocks/OSC/src/cinder/osc/Osc.h; sourceTree = "<group>"; };
		3378FC6AD59D4BC397F1CA54 /* Resources.h */ = {isa = PBXFileReference; lastKnownFileType = sourcecode.c.h; name = Resources.h; path = ../include/Resources.h; sourceTree = "<group>"; };
		35111AB5195A4112B573E846 /* Syphon.framework */ = {isa = PBXFileReference; lastKnownFileType = wrapper.framework; name = Syphon.framework; path = "../../../Cinder/blocks/Cinder-Syphon/lib/Syphon.framework"; sourceTree = "<group>"; };
		3787FE9B80734362B21F37CF /* Warp.h */ = {isa = PBXFileReference; lastKnownFileType = sourcecode.c.h; name = Warp.h; path = "../../../Cinder/blocks/Cinder-Warping/include/Warp.h"; sourceTree = "<group>"; };
		37B436745AC944F1899DDFFF /* VDLog.cpp */ = {isa = PBXFileReference; lastKnownFileType = sourcecode.c.cpp; name = VDLog.cpp; path = "../../../Cinder/blocks/Cinder-Videodromm/src/VDLog.cpp"; sourceTree = "<group>"; };
		385A2261870D4F3C800FCEF6 /* VDTexture.h */ = {isa = PBXFileReference; lastKnownFileType = sourcecode.c.h; name = VDTexture.h; path = "../../../Cinder/blocks/Cinder-Videodromm/include/VDTexture.h"; sourceTree = "<group>"; };
		3A3D9ADCF1C2406FBE8E0EE2 /* VDUIMidi.cpp */ = {isa = PBXFileReference; lastKnownFileType = sourcecode.c.cpp; name = VDUIMidi.cpp; path = "../../../Cinder/blocks/Cinder-Videodromm/src/VDUIMidi.cpp"; sourceTree = "<group>"; };
		3CD5520F44AD4E8D97F0A75A /* VDSession.h */ = {isa = PBXFileReference; lastKnownFileType = sourcecode.c.h; name = VDSession.h; path = "../../../Cinder/blocks/Cinder-Videodromm/include/VDSession.h"; sourceTree = "<group>"; };
		3D234D273BE74CFC93866037 /* syphonServer.mm */ = {isa = PBXFileReference; lastKnownFileType = sourcecode.cpp.objcpp; name = syphonServer.mm; path = "../../../Cinder/blocks/Cinder-Syphon/src/syphonServer.mm"; sourceTree = "<group>"; };
		3D633ED5FB16429DB5C6DB2D /* VDFbo.cpp */ = {isa = PBXFileReference; lastKnownFileType = sourcecode.c.cpp; name = VDFbo.cpp; path = "../../../Cinder/blocks/Cinder-Videodromm/src/VDFbo.cpp"; sourceTree = "<group>"; };
		4108089E8D25452EB238E2AF /* imgui_user.h */ = {isa = PBXFileReference; lastKnownFileType = sourcecode.c.h; name = imgui_user.h; path = "../../../Cinder/blocks/Cinder-ImGui/include/imgui_user.h"; sourceTree = "<group>"; };
		425FC05D7221426DB928CCF3 /* LiveParam.cpp */ = {isa = PBXFileReference; lastKnownFileType = sourcecode.c.cpp; name = LiveParam.cpp; path = "../../../Cinder/blocks/Cinder-Videodromm/src/LiveParam.cpp"; sourceTree = "<group>"; };
		4AE27A49D97B4B1EAE96F5F5 /* SyphonNameboundClient.h */ = {isa = PBXFileReference; lastKnownFileType = sourcecode.c.h; name = SyphonNameboundClient.h; path = "../../../Cinder/blocks/Cinder-Syphon/lib/SyphonNameboundClient.h"; sourceTree = "<group>"; };
		4C0DE0243C2C481A85281EA7 /* VDTexture.cpp */ = {isa = PBXFileReference; lastKnownFileType = sourcecode.c.cpp; name = VDTexture.cpp; path = "../../../Cinder/blocks/Cinder-Videodromm/src/VDTexture.cpp"; sourceTree = "<group>"; };
		4E036C9397B64B0693ADCF7D /* imgui_demo.cpp */ = {isa = PBXFileReference; lastKnownFileType = sourcecode.c.cpp; name = imgui_demo.cpp; path = "../../../Cinder/blocks/Cinder-ImGui/lib/imgui/imgui_demo.cpp"; sourceTree = "<group>"; };
		5273D20FEEA641FC85264033 /* VideodrommLiveCoding_Prefix.pch */ = {isa = PBXFileReference; lastKnownFileType = "\"\""; path = VideodrommLiveCoding_Prefix.pch; sourceTree = "<group>"; };
		5323E6B10EAFCA74003A9687 /* CoreVideo.framework */ = {isa = PBXFileReference; lastKnownFileType = wrapper.framework; name = CoreVideo.framework; path = /System/Library/Frameworks/CoreVideo.framework; sourceTree = "<absolute>"; };
		536904B2C7D0483D931D03F1 /* VDUITempo.h */ = {isa = PBXFileReference; lastKnownFileType = sourcecode.c.h; name = VDUITempo.h; path = "../../../Cinder/blocks/Cinder-Videodromm/include/VDUITempo.h"; sourceTree = "<group>"; };
		566300C99FF148148E3EC2AB /* VDConsole.h */ = {isa = PBXFileReference; lastKnownFileType = sourcecode.c.h; name = VDConsole.h; path = "../../../Cinder/blocks/Cinder-Videodromm/include/VDConsole.h"; sourceTree = "<group>"; };
		582FF5709D214FA38D525D86 /* imconfig.h */ = {isa = PBXFileReference; lastKnownFileType = sourcecode.c.h; name = imconfig.h; path = "../../../Cinder/blocks/Cinder-ImGui/lib/imgui/imconfig.h"; sourceTree = "<group>"; };
		5AF73B0B47E84ABE9D91035B /* VDUIColor.h */ = {isa = PBXFileReference; lastKnownFileType = sourcecode.c.h; name = VDUIColor.h; path = "../../../Cinder/blocks/Cinder-Videodromm/include/VDUIColor.h"; sourceTree = "<group>"; };
		5C201B54335B4D5F91E7C80D /* imgui.cpp */ = {isa = PBXFileReference; lastKnownFileType = sourcecode.c.cpp; name = imgui.cpp; path = "../../../Cinder/blocks/Cinder-ImGui/lib/imgui/imgui.cpp"; sourceTree = "<group>"; };
		6225E2E893F64B569C04E6FC /* VDShader.h */ = {isa = PBXFileReference; lastKnownFileType = sourcecode.c.h; name = VDShader.h; path = "../../../Cinder/blocks/Cinder-Videodromm/include/VDShader.h"; sourceTree = "<group>"; };
		69AA720C5626402E83BFAEFE /* VDUIColor.cpp */ = {isa = PBXFileReference; lastKnownFileType = sourcecode.c.cpp; name = VDUIColor.cpp; path = "../../../Cinder/blocks/Cinder-Videodromm/src/VDUIColor.cpp"; sourceTree = "<group>"; };
		6B4B31663AB74B64A1DC256B /* WebSocketConnection.cpp */ = {isa = PBXFileReference; lastKnownFileType = sourcecode.c.cpp; name = WebSocketConnection.cpp; path = "../../../Cinder/blocks/Cinder-WebSocketPP/src/WebSocketConnection.cpp"; sourceTree = "<group>"; };
		6D87990DCAD44D85854A0136 /* VDUITextures.cpp */ = {isa = PBXFileReference; lastKnownFileType = sourcecode.c.cpp; name = VDUITextures.cpp; path = "../../../Cinder/blocks/Cinder-Videodromm/src/VDUITextures.cpp"; sourceTree = "<group>"; };
		6E5CA4A426A747808FDDA921 /* VDUIBlend.h */ = {isa = PBXFileReference; lastKnownFileType = sourcecode.c.h; name = VDUIBlend.h; path = "../../../Cinder/blocks/Cinder-Videodromm/include/VDUIBlend.h"; sourceTree = "<group>"; };
		6EFFC17EAA974115A79B60C2 /* VDAnimation.h */ = {isa = PBXFileReference; lastKnownFileType = sourcecode.c.h; name = VDAnimation.h; path = "../../../Cinder/blocks/Cinder-Videodromm/include/VDAnimation.h"; sourceTree = "<group>"; };
		6F51327447004083980B3EEA /* cinderSyphon.h */ = {isa = PBXFileReference; lastKnownFileType = sourcecode.c.h; name = cinderSyphon.h; path = "../../../Cinder/blocks/Cinder-Syphon/src/cinderSyphon.h"; sourceTree = "<group>"; };
		7D6AD4A585F745BDBD04FBB7 /* syphonClient.h */ = {isa = PBXFileReference; lastKnownFileType = sourcecode.c.h; name = syphonClient.h; path = "../../../Cinder/blocks/Cinder-Syphon/src/syphonClient.h"; sourceTree = "<group>"; };
		7F41EAF6A87248EDB7614EC9 /* VDUIFbos.h */ = {isa = PBXFileReference; lastKnownFileType = sourcecode.c.h; name = VDUIFbos.h; path = "../../../Cinder/blocks/Cinder-Videodromm/include/VDUIFbos.h"; sourceTree = "<group>"; };
		85A21510FF28454DBC0B28F7 /* syphonClient.mm */ = {isa = PBXFileReference; lastKnownFileType = sourcecode.cpp.objcpp; name = syphonClient.mm; path = "../../../Cinder/blocks/Cinder-Syphon/src/syphonClient.mm"; sourceTree = "<group>"; };
		8630E5EE014E4420BCCEC305 /* VDUITempo.cpp */ = {isa = PBXFileReference; lastKnownFileType = sourcecode.c.cpp; name = VDUITempo.cpp; path = "../../../Cinder/blocks/Cinder-Videodromm/src/VDUITempo.cpp"; sourceTree = "<group>"; };
		8774B10EF4C64ADC81137D0D /* WebSocketClient.h */ = {isa = PBXFileReference; lastKnownFileType = sourcecode.c.h; name = WebSocketClient.h; path = "../../../Cinder/blocks/Cinder-WebSocketPP/src/WebSocketClient.h"; sourceTree = "<group>"; };
		87B750E4C1A5461CAAE53AAB /* VDUtils.h */ = {isa = PBXFileReference; lastKnownFileType = sourcecode.c.h; name = VDUtils.h; path = "../../../Cinder/blocks/Cinder-Videodromm/include/VDUtils.h"; sourceTree = "<group>"; };
		8986922A9D8B4700BDDDDBE4 /* VDUIAudio.h */ = {isa = PBXFileReference; lastKnownFileType = sourcecode.c.h; name = VDUIAudio.h; path = "../../../Cinder/blocks/Cinder-Videodromm/include/VDUIAudio.h"; sourceTree = "<group>"; };
		8B004429EBD94ECFB27030E8 /* imgui_user.inl */ = {isa = PBXFileReference; lastKnownFileType = "\"\""; name = imgui_user.inl; path = "../../../Cinder/blocks/Cinder-ImGui/include/imgui_user.inl"; sourceTree = "<group>"; };
		8D1107320486CEB800E47090 /* VideodrommLiveCoding.app */ = {isa = PBXFileReference; explicitFileType = wrapper.application; includeInIndex = 0; path = VideodrommLiveCoding.app; sourceTree = BUILT_PRODUCTS_DIR; };
		93C91E0AC2D8418CBC0C6227 /* syphonServerDirectory.mm */ = {isa = PBXFileReference; lastKnownFileType = sourcecode.cpp.objcpp; name = syphonServerDirectory.mm; path = "../../../Cinder/blocks/Cinder-Syphon/src/syphonServerDirectory.mm"; sourceTree = "<group>"; };
		94AAE49A0BC94DA0ADC161DA /* QuickTime.framework */ = {isa = PBXFileReference; lastKnownFileType = wrapper.framework; name = QuickTime.framework; path = System/Library/Frameworks/QuickTime.framework; sourceTree = SDKROOT; };
		9959E37074E34E148311B64A /* VDAnimation.cpp */ = {isa = PBXFileReference; lastKnownFileType = sourcecode.c.cpp; name = VDAnimation.cpp; path = "../../../Cinder/blocks/Cinder-Videodromm/src/VDAnimation.cpp"; sourceTree = "<group>"; };
		99DD36B25EC74493928C69CC /* VDLog.h */ = {isa = PBXFileReference; lastKnownFileType = sourcecode.c.h; name = VDLog.h; path = "../../../Cinder/blocks/Cinder-Videodromm/include/VDLog.h"; sourceTree = "<group>"; };
		9ADEFCD7E57A472CA307AD02 /* CinderApp.icns */ = {isa = PBXFileReference; lastKnownFileType = image.icns; name = CinderApp.icns; path = ../resources/CinderApp.icns; sourceTree = "<group>"; };
		A694C0AA768A4634BEE1AB67 /* WebSocketServer.cpp */ = {isa = PBXFileReference; lastKnownFileType = sourcecode.c.cpp; name = WebSocketServer.cpp; path = "../../../Cinder/blocks/Cinder-WebSocketPP/src/WebSocketServer.cpp"; sourceTree = "<group>"; };
		ABF97B7B7493495889324193 /* SyphonNameboundClient.m */ = {isa = PBXFileReference; lastKnownFileType = "\"\""; name = SyphonNameboundClient.m; path = "../../../Cinder/blocks/Cinder-Syphon/lib/SyphonNameboundClient.m"; sourceTree = "<group>"; };
		AC61BF7DD57F4B688DD73DCC /* VDSettings.h */ = {isa = PBXFileReference; lastKnownFileType = sourcecode.c.h; name = VDSettings.h; path = "../../../Cinder/blocks/Cinder-Videodromm/include/VDSettings.h"; sourceTree = "<group>"; };
		AC638A948C81499F86323453 /* VDUIMidi.h */ = {isa = PBXFileReference; lastKnownFileType = sourcecode.c.h; name = VDUIMidi.h; path = "../../../Cinder/blocks/Cinder-Videodromm/include/VDUIMidi.h"; sourceTree = "<group>"; };
		B9FC287CB4A14760A9A7039B /* VDRouter.h */ = {isa = PBXFileReference; lastKnownFileType = sourcecode.c.h; name = VDRouter.h; path = "../../../Cinder/blocks/Cinder-Videodromm/include/VDRouter.h"; sourceTree = "<group>"; };
		BA7F3754AF6644D38D5C3575 /* VDUIOsc.h */ = {isa = PBXFileReference; lastKnownFileType = sourcecode.c.h; name = VDUIOsc.h; path = "../../../Cinder/blocks/Cinder-Videodromm/include/VDUIOsc.h"; sourceTree = "<group>"; };
		BF6816343CF041118B00940D /* VDUIBlend.cpp */ = {isa = PBXFileReference; lastKnownFileType = sourcecode.c.cpp; name = VDUIBlend.cpp; path = "../../../Cinder/blocks/Cinder-Videodromm/src/VDUIBlend.cpp"; sourceTree = "<group>"; };
		C084FFAF742448EC837174BC /* WebSocketServer.h */ = {isa = PBXFileReference; lastKnownFileType = sourcecode.c.h; name = WebSocketServer.h; path = "../../../Cinder/blocks/Cinder-WebSocketPP/src/WebSocketServer.h"; sourceTree = "<group>"; };
		C1AFFBA8B75C4C7BAFB610CB /* imgui.h */ = {isa = PBXFileReference; lastKnownFileType = sourcecode.c.h; name = imgui.h; path = "../../../Cinder/blocks/Cinder-ImGui/lib/imgui/imgui.h"; sourceTree = "<group>"; };
		C20FE811E646453AA98F034A /* CinderImGui.h */ = {isa = PBXFileReference; lastKnownFileType = sourcecode.c.h; name = CinderImGui.h; path = "../../../Cinder/blocks/Cinder-ImGui/include/CinderImGui.h"; sourceTree = "<group>"; };
		C3781963EE9A444FBB5D3D36 /* VDUIAnimation.cpp */ = {isa = PBXFileReference; lastKnownFileType = sourcecode.c.cpp; name = VDUIAnimation.cpp; path = "../../../Cinder/blocks/Cinder-Videodromm/src/VDUIAnimation.cpp"; sourceTree = "<group>"; };
		C609F06E3EF646408D9DF570 /* VDUtils.cpp */ = {isa = PBXFileReference; lastKnownFileType = sourcecode.c.cpp; name = VDUtils.cpp; path = "../../../Cinder/blocks/Cinder-Videodromm/src/VDUtils.cpp"; sourceTree = "<group>"; };
		C98398906A3340F491ABC45E /* VDUIWebsockets.h */ = {isa = PBXFileReference; lastKnownFileType = sourcecode.c.h; name = VDUIWebsockets.h; path = "../../../Cinder/blocks/Cinder-Videodromm/include/VDUIWebsockets.h"; sourceTree = "<group>"; };
		CAC1AEA39EB147D6B48DD5BB /* VDUIShaders.h */ = {isa = PBXFileReference; lastKnownFileType = sourcecode.c.h; name = VDUIShaders.h; path = "../../../Cinder/blocks/Cinder-Videodromm/include/VDUIShaders.h"; sourceTree = "<group>"; };
		CB43EC2F747D4F689ADC1ED9 /* VDRouter.cpp */ = {isa = PBXFileReference; lastKnownFileType = sourcecode.c.cpp; name = VDRouter.cpp; path = "../../../Cinder/blocks/Cinder-Videodromm/src/VDRouter.cpp"; sourceTree = "<group>"; };
		CBE01981D03C403D8F9F9806 /* imgui_draw.cpp */ = {isa = PBXFileReference; lastKnownFileType = sourcecode.c.cpp; name = imgui_draw.cpp; path = "../../../Cinder/blocks/Cinder-ImGui/lib/imgui/imgui_draw.cpp"; sourceTree = "<group>"; };
		CBECBFB098F24D94BF592A60 /* VDUIOsc.cpp */ = {isa = PBXFileReference; lastKnownFileType = sourcecode.c.cpp; name = VDUIOsc.cpp; path = "../../../Cinder/blocks/Cinder-Videodromm/src/VDUIOsc.cpp"; sourceTree = "<group>"; };
		D36BD32B662C41D890D0259F /* WarpBilinear.cpp */ = {isa = PBXFileReference; lastKnownFileType = sourcecode.c.cpp; name = WarpBilinear.cpp; path = "../../../Cinder/blocks/Cinder-Warping/src/WarpBilinear.cpp"; sourceTree = "<group>"; };
		D842A7F0F17443B9A9887B17 /* imgui_internal.h */ = {isa = PBXFileReference; lastKnownFileType = sourcecode.c.h; name = imgui_internal.h; path = "../../../Cinder/blocks/Cinder-ImGui/lib/imgui/imgui_internal.h"; sourceTree = "<group>"; };
		DF34C6414A464C2EB45E2C27 /* Info.plist */ = {isa = PBXFileReference; lastKnownFileType = text.plist.xml; path = Info.plist; sourceTree = "<group>"; };
		E1DA35C1F11A4045B8DA208B /* VideodrommLiveCodingApp.cpp */ = {isa = PBXFileReference; lastKnownFileType = sourcecode.c.cpp; name = VideodrommLiveCodingApp.cpp; path = ../src/VideodrommLiveCodingApp.cpp; sourceTree = "<group>"; };
		E28FD916DE3748B4BC06F067 /* syphonServer.h */ = {isa = PBXFileReference; lastKnownFileType = sourcecode.c.h; name = syphonServer.h; path = "../../../Cinder/blocks/Cinder-Syphon/src/syphonServer.h"; sourceTree = "<group>"; };
		E3F87C3AD0EA4477880D2CB2 /* syphonServerDirectory.h */ = {isa = PBXFileReference; lastKnownFileType = sourcecode.c.h; name = syphonServerDirectory.h; path = "../../../Cinder/blocks/Cinder-Syphon/src/syphonServerDirectory.h"; sourceTree = "<group>"; };
		E4A0FC5D30324765BE1AC4DD /* VDUITextures.h */ = {isa = PBXFileReference; lastKnownFileType = sourcecode.c.h; name = VDUITextures.h; path = "../../../Cinder/blocks/Cinder-Videodromm/include/VDUITextures.h"; sourceTree = "<group>"; };
		E4B55D5C11F64198979FF675 /* VDUIFbos.cpp */ = {isa = PBXFileReference; lastKnownFileType = sourcecode.c.cpp; name = VDUIFbos.cpp; path = "../../../Cinder/blocks/Cinder-Videodromm/src/VDUIFbos.cpp"; sourceTree = "<group>"; };
		E5CBFA17C61049AF849218A7 /* VDUIAudio.cpp */ = {isa = PBXFileReference; lastKnownFileType = sourcecode.c.cpp; name = VDUIAudio.cpp; path = "../../../Cinder/blocks/Cinder-Videodromm/src/VDUIAudio.cpp"; sourceTree = "<group>"; };
		E9973D83FEB847EC8E05EC4A /* VDMix.h */ = {isa = PBXFileReference; lastKnownFileType = sourcecode.c.h; name = VDMix.h; path = "../../../Cinder/blocks/Cinder-Videodromm/include/VDMix.h"; sourceTree = "<group>"; };
		F01C0D0464D3453887F693EA /* VDUI.cpp */ = {isa = PBXFileReference; lastKnownFileType = sourcecode.c.cpp; name = VDUI.cpp; path = "../../../Cinder/blocks/Cinder-Videodromm/src/VDUI.cpp"; sourceTree = "<group>"; };
		F46C85530BE749269AA25DC2 /* VDUIAnimation.h */ = {isa = PBXFileReference; lastKnownFileType = sourcecode.c.h; name = VDUIAnimation.h; path = "../../../Cinder/blocks/Cinder-Videodromm/include/VDUIAnimation.h"; sourceTree = "<group>"; };
		F8A00686D780419FA593B03B /* VDUIChannels.cpp */ = {isa = PBXFileReference; lastKnownFileType = sourcecode.c.cpp; name = VDUIChannels.cpp; path = "../../../Cinder/blocks/Cinder-Videodromm/src/VDUIChannels.cpp"; sourceTree = "<group>"; };
		FCDF848D54AC4C2AA74576A4 /* WebSocketClient.cpp */ = {isa = PBXFileReference; lastKnownFileType = sourcecode.c.cpp; name = WebSocketClient.cpp; path = "../../../Cinder/blocks/Cinder-WebSocketPP/src/WebSocketClient.cpp"; sourceTree = "<group>"; };
/* End PBXFileReference section */

/* Begin PBXFrameworksBuildPhase section */
		8D11072E0486CEB800E47090 /* Frameworks */ = {
			isa = PBXFrameworksBuildPhase;
			buildActionMask = 2147483647;
			files = (
				006D720419952D00008149E2 /* AVFoundation.framework in Frameworks */,
				006D720519952D00008149E2 /* CoreMedia.framework in Frameworks */,
				8D11072F0486CEB800E47090 /* Cocoa.framework in Frameworks */,
				0091D8F90E81B9330029341E /* OpenGL.framework in Frameworks */,
				5323E6B20EAFCA74003A9687 /* CoreVideo.framework in Frameworks */,
				00B784B30FF439BC000DE1D7 /* Accelerate.framework in Frameworks */,
				00B784B40FF439BC000DE1D7 /* AudioToolbox.framework in Frameworks */,
				00B784B50FF439BC000DE1D7 /* AudioUnit.framework in Frameworks */,
				00B784B60FF439BC000DE1D7 /* CoreAudio.framework in Frameworks */,
				00B9955A1B128DF400A5C623 /* IOKit.framework in Frameworks */,
				00B9955B1B128DF400A5C623 /* IOSurface.framework in Frameworks */,
				FACD6B61678641379A4A9F2C /* QuickTime.framework in Frameworks */,
				19DED618D10C4EF6B572C9E6 /* CoreMIDI.framework in Frameworks */,
				B6BEC8AB3EAC49E38F47107C /* Syphon.framework in Frameworks */,
			);
			runOnlyForDeploymentPostprocessing = 0;
		};
/* End PBXFrameworksBuildPhase section */

/* Begin PBXGroup section */
		01B97315FEAEA392516A2CEA /* Blocks */ = {
			isa = PBXGroup;
			children = (
				93C00459FE9547DF8DD09236 /* ImGui */,
				EE3B9D4E4AB74B6AAADDFF78 /* Syphon */,
				DA9BD11D386942C7BE1453C6 /* Videodromm */,
				13F098F299DD45198DEA5842 /* Cinder-Warping */,
				1992AD282C8A4058B448F018 /* Cinder-WebSocketPP */,
				1CD7279098FB4743B594DC99 /* OSC */,
			);
			name = Blocks;
			sourceTree = "<group>";
		};
		02AEB2FDA11643C38DF36780 /* src */ = {
			isa = PBXGroup;
			children = (
				0ACA8263339F41228263AD93 /* Warp.cpp */,
				D36BD32B662C41D890D0259F /* WarpBilinear.cpp */,
				259DFBD356864DA7828B7703 /* WarpPerspective.cpp */,
				0A7A08F7610F4AF3B3B5AB50 /* WarpPerspectiveBilinear.cpp */,
			);
			name = src;
			sourceTree = "<group>";
		};
		080E96DDFE201D6D7F000001 /* Source */ = {
			isa = PBXGroup;
			children = (
				E1DA35C1F11A4045B8DA208B /* VideodrommLiveCodingApp.cpp */,
			);
			name = Source;
			sourceTree = "<group>";
		};
		1058C7A0FEA54F0111CA2CBB /* Linked Frameworks */ = {
			isa = PBXGroup;
			children = (
				006D720219952D00008149E2 /* AVFoundation.framework */,
				006D720319952D00008149E2 /* CoreMedia.framework */,
				00B784AF0FF439BC000DE1D7 /* Accelerate.framework */,
				00B784B00FF439BC000DE1D7 /* AudioToolbox.framework */,
				00B784B10FF439BC000DE1D7 /* AudioUnit.framework */,
				00B784B20FF439BC000DE1D7 /* CoreAudio.framework */,
				5323E6B10EAFCA74003A9687 /* CoreVideo.framework */,
				0091D8F80E81B9330029341E /* OpenGL.framework */,
				1058C7A1FEA54F0111CA2CBB /* Cocoa.framework */,
				00B995581B128DF400A5C623 /* IOKit.framework */,
				00B995591B128DF400A5C623 /* IOSurface.framework */,
			);
			name = "Linked Frameworks";
			sourceTree = "<group>";
		};
		1058C7A2FEA54F0111CA2CBB /* Other Frameworks */ = {
			isa = PBXGroup;
			children = (
				29B97324FDCFA39411CA2CEA /* AppKit.framework */,
				29B97325FDCFA39411CA2CEA /* Foundation.framework */,
			);
			name = "Other Frameworks";
			sourceTree = "<group>";
		};
		111ABDB595334D4FB19456B8 /* include */ = {
			isa = PBXGroup;
			children = (
				308E7E565C8C4066B5FF4BDB /* LiveParam.h */,
				6EFFC17EAA974115A79B60C2 /* VDAnimation.h */,
				566300C99FF148148E3EC2AB /* VDConsole.h */,
				20E7BFF78268437E9172B669 /* VDFbo.h */,
				99DD36B25EC74493928C69CC /* VDLog.h */,
				E9973D83FEB847EC8E05EC4A /* VDMix.h */,
				B9FC287CB4A14760A9A7039B /* VDRouter.h */,
				3CD5520F44AD4E8D97F0A75A /* VDSession.h */,
				AC61BF7DD57F4B688DD73DCC /* VDSettings.h */,
				6225E2E893F64B569C04E6FC /* VDShader.h */,
				385A2261870D4F3C800FCEF6 /* VDTexture.h */,
				11FF30CAE3B5437F9B1986AD /* VDUI.h */,
				F46C85530BE749269AA25DC2 /* VDUIAnimation.h */,
				8986922A9D8B4700BDDDDBE4 /* VDUIAudio.h */,
				6E5CA4A426A747808FDDA921 /* VDUIBlend.h */,
				196900F130E540A4B4E30723 /* VDUIChannels.h */,
				5AF73B0B47E84ABE9D91035B /* VDUIColor.h */,
				7F41EAF6A87248EDB7614EC9 /* VDUIFbos.h */,
				AC638A948C81499F86323453 /* VDUIMidi.h */,
				2F7B4768E0B741D8B43F1BAD /* VDUIMouse.h */,
				BA7F3754AF6644D38D5C3575 /* VDUIOsc.h */,
				CAC1AEA39EB147D6B48DD5BB /* VDUIShaders.h */,
				536904B2C7D0483D931D03F1 /* VDUITempo.h */,
				E4A0FC5D30324765BE1AC4DD /* VDUITextures.h */,
				C98398906A3340F491ABC45E /* VDUIWebsockets.h */,
				87B750E4C1A5461CAAE53AAB /* VDUtils.h */,
				084255D875CB432E8F49F568 /* Watchdog.h */,
			);
			name = include;
			sourceTree = "<group>";
		};
		13F098F299DD45198DEA5842 /* Cinder-Warping */ = {
			isa = PBXGroup;
			children = (
				F16C1E47C742473AB0706B54 /* include */,
				02AEB2FDA11643C38DF36780 /* src */,
			);
			name = "Cinder-Warping";
			sourceTree = "<group>";
		};
		165AD1D948FA4FFF978960C6 /* imgui */ = {
			isa = PBXGroup;
			children = (
				582FF5709D214FA38D525D86 /* imconfig.h */,
				C1AFFBA8B75C4C7BAFB610CB /* imgui.h */,
				D842A7F0F17443B9A9887B17 /* imgui_internal.h */,
				5C201B54335B4D5F91E7C80D /* imgui.cpp */,
				CBE01981D03C403D8F9F9806 /* imgui_draw.cpp */,
				4E036C9397B64B0693ADCF7D /* imgui_demo.cpp */,
			);
			name = imgui;
			sourceTree = "<group>";
		};
		1992AD282C8A4058B448F018 /* Cinder-WebSocketPP */ = {
			isa = PBXGroup;
			children = (
				A72A74A943C34F6BA878A1F0 /* src */,
			);
			name = "Cinder-WebSocketPP";
			sourceTree = "<group>";
		};
		19C28FACFE9D520D11CA2CBB /* Products */ = {
			isa = PBXGroup;
			children = (
				8D1107320486CEB800E47090 /* VideodrommLiveCoding.app */,
			);
			name = Products;
			sourceTree = "<group>";
		};
		1CD7279098FB4743B594DC99 /* OSC */ = {
			isa = PBXGroup;
			children = (
				D5134F83761B41B998AB7A4D /* src */,
			);
			name = OSC;
			sourceTree = "<group>";
		};
		29B97314FDCFA39411CA2CEA /* VideodrommLiveCoding */ = {
			isa = PBXGroup;
			children = (
				01B97315FEAEA392516A2CEA /* Blocks */,
				29B97315FDCFA39411CA2CEA /* Headers */,
				080E96DDFE201D6D7F000001 /* Source */,
				29B97317FDCFA39411CA2CEA /* Resources */,
				29B97323FDCFA39411CA2CEA /* Frameworks */,
				19C28FACFE9D520D11CA2CBB /* Products */,
			);
			name = VideodrommLiveCoding;
			sourceTree = "<group>";
		};
		29B97315FDCFA39411CA2CEA /* Headers */ = {
			isa = PBXGroup;
			children = (
				3378FC6AD59D4BC397F1CA54 /* Resources.h */,
				5273D20FEEA641FC85264033 /* VideodrommLiveCoding_Prefix.pch */,
			);
			name = Headers;
			sourceTree = "<group>";
		};
		29B97317FDCFA39411CA2CEA /* Resources */ = {
			isa = PBXGroup;
			children = (
				9ADEFCD7E57A472CA307AD02 /* CinderApp.icns */,
				DF34C6414A464C2EB45E2C27 /* Info.plist */,
			);
			name = Resources;
			sourceTree = "<group>";
		};
		29B97323FDCFA39411CA2CEA /* Frameworks */ = {
			isa = PBXGroup;
			children = (
				1058C7A0FEA54F0111CA2CBB /* Linked Frameworks */,
				1058C7A2FEA54F0111CA2CBB /* Other Frameworks */,
				94AAE49A0BC94DA0ADC161DA /* QuickTime.framework */,
				0C10C9693FFE4A20AD87C54E /* CoreMIDI.framework */,
			);
			name = Frameworks;
			sourceTree = "<group>";
		};
		2A8246189F6542F6A2D101A8 /* src */ = {
			isa = PBXGroup;
			children = (
				197AF6C5EFD34980931B47E9 /* CinderImGui.cpp */,
			);
			name = src;
			sourceTree = "<group>";
		};
		5D6DCAFB3D6847B8B4B96DFD /* include */ = {
			isa = PBXGroup;
			children = (
				C20FE811E646453AA98F034A /* CinderImGui.h */,
				4108089E8D25452EB238E2AF /* imgui_user.h */,
				8B004429EBD94ECFB27030E8 /* imgui_user.inl */,
			);
			name = include;
			sourceTree = "<group>";
		};
		853144FC834841A68D8DE916 /* src */ = {
			isa = PBXGroup;
			children = (
				6F51327447004083980B3EEA /* cinderSyphon.h */,
				7D6AD4A585F745BDBD04FBB7 /* syphonClient.h */,
				E28FD916DE3748B4BC06F067 /* syphonServer.h */,
				E3F87C3AD0EA4477880D2CB2 /* syphonServerDirectory.h */,
				85A21510FF28454DBC0B28F7 /* syphonClient.mm */,
				3D234D273BE74CFC93866037 /* syphonServer.mm */,
				93C91E0AC2D8418CBC0C6227 /* syphonServerDirectory.mm */,
			);
			name = src;
			sourceTree = "<group>";
		};
		93C00459FE9547DF8DD09236 /* ImGui */ = {
			isa = PBXGroup;
			children = (
				5D6DCAFB3D6847B8B4B96DFD /* include */,
				EB8274CD06D54DF487FCD67B /* lib */,
				2A8246189F6542F6A2D101A8 /* src */,
			);
			name = ImGui;
			sourceTree = "<group>";
		};
		A72A74A943C34F6BA878A1F0 /* src */ = {
			isa = PBXGroup;
			children = (
				FCDF848D54AC4C2AA74576A4 /* WebSocketClient.cpp */,
				6B4B31663AB74B64A1DC256B /* WebSocketConnection.cpp */,
				A694C0AA768A4634BEE1AB67 /* WebSocketServer.cpp */,
				8774B10EF4C64ADC81137D0D /* WebSocketClient.h */,
				3000A9066818408C9C8F3AEB /* WebSocketConnection.h */,
				C084FFAF742448EC837174BC /* WebSocketServer.h */,
			);
			name = src;
			sourceTree = "<group>";
		};
		A88704EEAFD14713B84E98AA /* lib */ = {
			isa = PBXGroup;
			children = (
				4AE27A49D97B4B1EAE96F5F5 /* SyphonNameboundClient.h */,
				ABF97B7B7493495889324193 /* SyphonNameboundClient.m */,
				35111AB5195A4112B573E846 /* Syphon.framework */,
			);
			name = lib;
			sourceTree = "<group>";
		};
		CC4685621EB94AA58B29E498 /* src */ = {
			isa = PBXGroup;
			children = (
				425FC05D7221426DB928CCF3 /* LiveParam.cpp */,
				9959E37074E34E148311B64A /* VDAnimation.cpp */,
				1C0C159E15344D56956B7BDE /* VDConsole.cpp */,
				3D633ED5FB16429DB5C6DB2D /* VDFbo.cpp */,
				37B436745AC944F1899DDFFF /* VDLog.cpp */,
				27133F4DB3CD48C68A895AF7 /* VDMix.cpp */,
				CB43EC2F747D4F689ADC1ED9 /* VDRouter.cpp */,
				243E3883E19542FCB2A7D68E /* VDSession.cpp */,
				16A939E97122418AB4A33C55 /* VDSettings.cpp */,
				223765D951FA4479AAE00AD9 /* VDShader.cpp */,
				4C0DE0243C2C481A85281EA7 /* VDTexture.cpp */,
				F01C0D0464D3453887F693EA /* VDUI.cpp */,
				C3781963EE9A444FBB5D3D36 /* VDUIAnimation.cpp */,
				E5CBFA17C61049AF849218A7 /* VDUIAudio.cpp */,
				BF6816343CF041118B00940D /* VDUIBlend.cpp */,
				F8A00686D780419FA593B03B /* VDUIChannels.cpp */,
				69AA720C5626402E83BFAEFE /* VDUIColor.cpp */,
				E4B55D5C11F64198979FF675 /* VDUIFbos.cpp */,
				3A3D9ADCF1C2406FBE8E0EE2 /* VDUIMidi.cpp */,
				2C9E8E9635B34AAEB12EE5C1 /* VDUIMouse.cpp */,
				CBECBFB098F24D94BF592A60 /* VDUIOsc.cpp */,
				0A615C75EE124C73826BD07D /* VDUIShaders.cpp */,
				8630E5EE014E4420BCCEC305 /* VDUITempo.cpp */,
				6D87990DCAD44D85854A0136 /* VDUITextures.cpp */,
				03F6AADE8BBE4A0C94949265 /* VDUIWebsockets.cpp */,
				C609F06E3EF646408D9DF570 /* VDUtils.cpp */,
			);
			name = src;
			sourceTree = "<group>";
		};
		D5134F83761B41B998AB7A4D /* src */ = {
			isa = PBXGroup;
			children = (
				32DBD4211D70423F0097BD53 /* Osc.cpp */,
				32DBD4221D70423F0097BD53 /* Osc.h */,
			);
			name = src;
			sourceTree = "<group>";
		};
		DA9BD11D386942C7BE1453C6 /* Videodromm */ = {
			isa = PBXGroup;
			children = (
				111ABDB595334D4FB19456B8 /* include */,
				CC4685621EB94AA58B29E498 /* src */,
			);
			name = Videodromm;
			sourceTree = "<group>";
		};
		EB8274CD06D54DF487FCD67B /* lib */ = {
			isa = PBXGroup;
			children = (
				165AD1D948FA4FFF978960C6 /* imgui */,
			);
			name = lib;
			sourceTree = "<group>";
		};
		EE3B9D4E4AB74B6AAADDFF78 /* Syphon */ = {
			isa = PBXGroup;
			children = (
				853144FC834841A68D8DE916 /* src */,
				A88704EEAFD14713B84E98AA /* lib */,
			);
			name = Syphon;
			sourceTree = "<group>";
		};
		F16C1E47C742473AB0706B54 /* include */ = {
			isa = PBXGroup;
			children = (
				3787FE9B80734362B21F37CF /* Warp.h */,
			);
			name = include;
			sourceTree = "<group>";
		};
/* End PBXGroup section */

/* Begin PBXNativeTarget section */
		8D1107260486CEB800E47090 /* VideodrommLiveCoding */ = {
			isa = PBXNativeTarget;
			buildConfigurationList = C01FCF4A08A954540054247B /* Build configuration list for PBXNativeTarget "VideodrommLiveCoding" */;
			buildPhases = (
				8D1107290486CEB800E47090 /* Resources */,
				8D11072C0486CEB800E47090 /* Sources */,
				8D11072E0486CEB800E47090 /* Frameworks */,
				4806101E1ECB4BF1AE9B137C /* CopyFiles */,
			);
			buildRules = (
			);
			dependencies = (
			);
			name = VideodrommLiveCoding;
			productInstallPath = "$(HOME)/Applications";
			productName = VideodrommLiveCoding;
			productReference = 8D1107320486CEB800E47090 /* VideodrommLiveCoding.app */;
			productType = "com.apple.product-type.application";
		};
/* End PBXNativeTarget section */

/* Begin PBXProject section */
		29B97313FDCFA39411CA2CEA /* Project object */ = {
			isa = PBXProject;
			attributes = {
			};
			buildConfigurationList = C01FCF4E08A954540054247B /* Build configuration list for PBXProject "VideodrommLiveCoding" */;
			compatibilityVersion = "Xcode 3.2";
			developmentRegion = English;
			hasScannedForEncodings = 1;
			knownRegions = (
				English,
				Japanese,
				French,
				German,
			);
			mainGroup = 29B97314FDCFA39411CA2CEA /* VideodrommLiveCoding */;
			projectDirPath = "";
			projectRoot = "";
			targets = (
				8D1107260486CEB800E47090 /* VideodrommLiveCoding */,
			);
		};
/* End PBXProject section */

/* Begin PBXResourcesBuildPhase section */
		8D1107290486CEB800E47090 /* Resources */ = {
			isa = PBXResourcesBuildPhase;
			buildActionMask = 2147483647;
			files = (
				671366DCD097484A99A5C7E4 /* CinderApp.icns in Resources */,
			);
			runOnlyForDeploymentPostprocessing = 0;
		};
/* End PBXResourcesBuildPhase section */

/* Begin PBXSourcesBuildPhase section */
		8D11072C0486CEB800E47090 /* Sources */ = {
			isa = PBXSourcesBuildPhase;
			buildActionMask = 2147483647;
			files = (
				32DBD4231D70423F0097BD53 /* Osc.cpp in Sources */,
				4888311ECDB24FDC8B9B6B3B /* VideodrommLiveCodingApp.cpp in Sources */,
				DF2DCEC22CC1467B9DC06832 /* CinderImGui.cpp in Sources */,
				821F21D86C1B48B6AE2714E9 /* imgui.cpp in Sources */,
				968DAED2161348B79F75B584 /* imgui_draw.cpp in Sources */,
				96DD231B88D54DD69B4865AF /* imgui_demo.cpp in Sources */,
				D6EB2F5B698A444CA6443292 /* syphonClient.mm in Sources */,
				B9F0A8FFEC14429AA56690E4 /* syphonServer.mm in Sources */,
				D94F612771F34011BF590FF1 /* syphonServerDirectory.mm in Sources */,
				ACE8AA09D66D4DD7B373CE17 /* SyphonNameboundClient.m in Sources */,
				E097D76793C74F9882E45770 /* LiveParam.cpp in Sources */,
				3C06C2AD45A0454FBB898DB9 /* VDAnimation.cpp in Sources */,
				3C91BBF07EAB47FBA71DEA95 /* VDConsole.cpp in Sources */,
				E4252BCEFB3D453AABB04CF6 /* VDFbo.cpp in Sources */,
				D568CECE56F14ABE9A268021 /* VDLog.cpp in Sources */,
				C40298A06D474BD481ECD38A /* VDMix.cpp in Sources */,
				D1ACF8B6A91C4DDEBAFACE6A /* VDRouter.cpp in Sources */,
				28548DD122994DADB02DDCE4 /* VDSession.cpp in Sources */,
				58F67F09F6514B7CABBE4327 /* VDSettings.cpp in Sources */,
				A734F90492334E26A6D90F84 /* VDShader.cpp in Sources */,
				19265787D4334F76A68B20C8 /* VDTexture.cpp in Sources */,
				9B1505419E304C529884771D /* VDUI.cpp in Sources */,
				C706346DD6684A55B3F6BF40 /* VDUIAnimation.cpp in Sources */,
				61A6C3C2B85F41969EC258B5 /* VDUIAudio.cpp in Sources */,
				3641CB301BBA428C958C7160 /* VDUIBlend.cpp in Sources */,
				9D948FF607C7426BAC6637DC /* VDUIChannels.cpp in Sources */,
				90B731FD63B3408B8517A6A8 /* VDUIColor.cpp in Sources */,
				AD25FD3F8674409CBEC9D5C5 /* VDUIFbos.cpp in Sources */,
				8F19A1C1E2614B5390A52FE7 /* VDUIMidi.cpp in Sources */,
				EB8FBCE40A8C4E46B3E4E3F4 /* VDUIMouse.cpp in Sources */,
				258402BE88724F95BF9E1035 /* VDUIOsc.cpp in Sources */,
				805C557BAC2446B080B48554 /* VDUIShaders.cpp in Sources */,
				78285E980BEC410A891E98F1 /* VDUITempo.cpp in Sources */,
				AE8651936707445296362BDF /* VDUITextures.cpp in Sources */,
				1706BE49FE72482EA67A3565 /* VDUIWebsockets.cpp in Sources */,
				C1394FA8500F487E930FE149 /* VDUtils.cpp in Sources */,
				11698EFB51034EB3ACA5312E /* Warp.cpp in Sources */,
				5D1DC23530994E7FBABB5E16 /* WarpBilinear.cpp in Sources */,
				1DDC1F771AE142629B42A1E0 /* WarpPerspective.cpp in Sources */,
				81CB4D14D1B344C188F912C9 /* WarpPerspectiveBilinear.cpp in Sources */,
				A5F80F6E0CA942708DDE9A05 /* WebSocketClient.cpp in Sources */,
				6152B00604C54D478B59B992 /* WebSocketConnection.cpp in Sources */,
				4F4B1CDDEAB64C509E752706 /* WebSocketServer.cpp in Sources */,
			);
			runOnlyForDeploymentPostprocessing = 0;
		};
/* End PBXSourcesBuildPhase section */

/* Begin XCBuildConfiguration section */
		C01FCF4B08A954540054247B /* Debug */ = {
			isa = XCBuildConfiguration;
			buildSettings = {
				COMBINE_HIDPI_IMAGES = YES;
				COPY_PHASE_STRIP = NO;
				DEAD_CODE_STRIPPING = YES;
				FRAMEWORK_SEARCH_PATHS = "\"../../../Cinder/blocks/Cinder-Syphon/lib\"";
				GCC_DYNAMIC_NO_PIC = NO;
				GCC_INLINES_ARE_PRIVATE_EXTERN = YES;
				GCC_OPTIMIZATION_LEVEL = 0;
				GCC_PRECOMPILE_PREFIX_HEADER = YES;
				GCC_PREFIX_HEADER = VideodrommLiveCoding_Prefix.pch;
				GCC_PREPROCESSOR_DEFINITIONS = (
					"DEBUG=1",
					"$(inherited)",
				);
				GCC_SYMBOLS_PRIVATE_EXTERN = NO;
				INFOPLIST_FILE = Info.plist;
				INSTALL_PATH = "$(HOME)/Applications";
				OTHER_LDFLAGS = "\"$(CINDER_PATH)/lib/libcinder_d.a\"";
				PRODUCT_BUNDLE_IDENTIFIER = "org.libcinder.${PRODUCT_NAME:rfc1034identifier}";
				PRODUCT_NAME = VideodrommLiveCoding;
				SYMROOT = ./build;
				WRAPPER_EXTENSION = app;
			};
			name = Debug;
		};
		C01FCF4C08A954540054247B /* Release */ = {
			isa = XCBuildConfiguration;
			buildSettings = {
				COMBINE_HIDPI_IMAGES = YES;
				DEAD_CODE_STRIPPING = YES;
				DEBUG_INFORMATION_FORMAT = "dwarf-with-dsym";
				FRAMEWORK_SEARCH_PATHS = "\"../../../Cinder/blocks/Cinder-Syphon/lib\"";
				GCC_FAST_MATH = YES;
				GCC_GENERATE_DEBUGGING_SYMBOLS = NO;
				GCC_INLINES_ARE_PRIVATE_EXTERN = YES;
				GCC_OPTIMIZATION_LEVEL = 3;
				GCC_PRECOMPILE_PREFIX_HEADER = YES;
				GCC_PREFIX_HEADER = VideodrommLiveCoding_Prefix.pch;
				GCC_PREPROCESSOR_DEFINITIONS = (
					"NDEBUG=1",
					"$(inherited)",
				);
				GCC_SYMBOLS_PRIVATE_EXTERN = NO;
				INFOPLIST_FILE = Info.plist;
				INSTALL_PATH = "$(HOME)/Applications";
				OTHER_LDFLAGS = "\"$(CINDER_PATH)/lib/libcinder.a\"";
				PRODUCT_BUNDLE_IDENTIFIER = "org.libcinder.${PRODUCT_NAME:rfc1034identifier}";
				PRODUCT_NAME = VideodrommLiveCoding;
				STRIP_INSTALLED_PRODUCT = YES;
				SYMROOT = ./build;
				WRAPPER_EXTENSION = app;
			};
			name = Release;
		};
		C01FCF4F08A954540054247B /* Debug */ = {
			isa = XCBuildConfiguration;
			buildSettings = {
				ALWAYS_SEARCH_USER_PATHS = NO;
				CINDER_PATH = ../../../Cinder;
				CLANG_CXX_LANGUAGE_STANDARD = "c++11";
				CLANG_CXX_LIBRARY = "libc++";
				ENABLE_TESTABILITY = YES;
				GCC_WARN_ABOUT_RETURN_TYPE = YES;
				GCC_WARN_UNUSED_VARIABLE = YES;
				HEADER_SEARCH_PATHS = (
					"\"$(CINDER_PATH)/include\"",
					"\"../../../Cinder/blocks/Cinder-WebSocketPP/src\"",
				);
				MACOSX_DEPLOYMENT_TARGET = 10.8;
				ONLY_ACTIVE_ARCH = YES;
				SDKROOT = macosx;
				USER_HEADER_SEARCH_PATHS = "\"$(CINDER_PATH)/include\" ../include \"../../../Cinder/blocks/Cinder-Hap2/src\" \"../../../Cinder/blocks/Cinder-ImGui/lib/imgui\" \"../../../Cinder/blocks/Cinder-ImGui/include\" \"../../../Cinder/blocks/Cinder-MIDI2/include\" \"../../../Cinder/blocks/Cinder-MIDI2/lib\" \"../../../Cinder/blocks/Cinder-MIDI2/src\" \"../../../Cinder/blocks/Cinder-Videodromm/include\" \"../../../Cinder/blocks/Cinder-Videodromm/src\" \"../../../Cinder/blocks/Cinder-Warping/include\" ../../../Cinder/include/asio ../../../Cinder/blocks/OSC/src ../../../Cinder/blocks/QuickTime/include";
			};
			name = Debug;
		};
		C01FCF5008A954540054247B /* Release */ = {
			isa = XCBuildConfiguration;
			buildSettings = {
				ALWAYS_SEARCH_USER_PATHS = NO;
				CINDER_PATH = ../../../Cinder;
				CLANG_CXX_LANGUAGE_STANDARD = "c++11";
				CLANG_CXX_LIBRARY = "libc++";
				GCC_WARN_ABOUT_RETURN_TYPE = YES;
				GCC_WARN_UNUSED_VARIABLE = YES;
				HEADER_SEARCH_PATHS = (
					"\"$(CINDER_PATH)/include\"",
					"\"../../../Cinder/blocks/Cinder-WebSocketPP/src\"",
				);
				MACOSX_DEPLOYMENT_TARGET = 10.8;
				SDKROOT = macosx;
				USER_HEADER_SEARCH_PATHS = "\"$(CINDER_PATH)/include\" ../include \"../../../Cinder/blocks/Cinder-Hap2/src\" \"../../../Cinder/blocks/Cinder-ImGui/lib/imgui\" \"../../../Cinder/blocks/Cinder-ImGui/include\" \"../../../Cinder/blocks/Cinder-MIDI2/include\" \"../../../Cinder/blocks/Cinder-MIDI2/lib\" \"../../../Cinder/blocks/Cinder-MIDI2/src\" \"../../../Cinder/blocks/Cinder-Videodromm/include\" \"../../../Cinder/blocks/Cinder-Videodromm/src\" \"../../../Cinder/blocks/Cinder-Warping/include\" ../../../Cinder/include/asio ../../../Cinder/blocks/OSC/src ../../../Cinder/blocks/QuickTime/include";
			};
			name = Release;
		};
/* End XCBuildConfiguration section */

/* Begin XCConfigurationList section */
		C01FCF4A08A954540054247B /* Build configuration list for PBXNativeTarget "VideodrommLiveCoding" */ = {
			isa = XCConfigurationList;
			buildConfigurations = (
				C01FCF4B08A954540054247B /* Debug */,
				C01FCF4C08A954540054247B /* Release */,
			);
			defaultConfigurationIsVisible = 0;
			defaultConfigurationName = Release;
		};
		C01FCF4E08A954540054247B /* Build configuration list for PBXProject "VideodrommLiveCoding" */ = {
			isa = XCConfigurationList;
			buildConfigurations = (
				C01FCF4F08A954540054247B /* Debug */,
				C01FCF5008A954540054247B /* Release */,
			);
			defaultConfigurationIsVisible = 0;
			defaultConfigurationName = Release;
		};
/* End XCConfigurationList section */
	};
	rootObject = 29B97313FDCFA39411CA2CEA /* Project object */;
}
